// !$*UTF8*$!
{
	archiveVersion = 1;
	classes = {
	};
	objectVersion = 56;
	objects = {

/* Begin PBXBuildFile section */
		8A14C5912BAC3D70000DDBB1 /* MainQueueDispatchDecorator.swift in Sources */ = {isa = PBXBuildFile; fileRef = 8A14C5902BAC3D70000DDBB1 /* MainQueueDispatchDecorator.swift */; };
		8A14C5932BAC3E08000DDBB1 /* WeakRefVirtualProxy.swift in Sources */ = {isa = PBXBuildFile; fileRef = 8A14C5922BAC3E08000DDBB1 /* WeakRefVirtualProxy.swift */; };
		8A14C5952BAC3E7D000DDBB1 /* FeedImageDataLoaderPresentationAdapter.swift in Sources */ = {isa = PBXBuildFile; fileRef = 8A14C5942BAC3E7D000DDBB1 /* FeedImageDataLoaderPresentationAdapter.swift */; };
		8A14C5972BAC3F0B000DDBB1 /* FeedLoaderPresentationAdapter.swift in Sources */ = {isa = PBXBuildFile; fileRef = 8A14C5962BAC3F0B000DDBB1 /* FeedLoaderPresentationAdapter.swift */; };
		8A14C5992BAC3F89000DDBB1 /* FeedViewAdapter.swift in Sources */ = {isa = PBXBuildFile; fileRef = 8A14C5982BAC3F89000DDBB1 /* FeedViewAdapter.swift */; };
		8A1F77C42BA9CF0600E00831 /* Feed.storyboard in Resources */ = {isa = PBXBuildFile; fileRef = 8A1F77C32BA9CF0600E00831 /* Feed.storyboard */; };
		8A1F77C82BAA068F00E00831 /* UITableView+Dequeuing.swift in Sources */ = {isa = PBXBuildFile; fileRef = 8A1F77C72BAA068F00E00831 /* UITableView+Dequeuing.swift */; };
		8A1F77CA2BAA06D800E00831 /* UIImageView+Animations.swift in Sources */ = {isa = PBXBuildFile; fileRef = 8A1F77C92BAA06D800E00831 /* UIImageView+Animations.swift */; };
		8A1F77D02BAA0C8F00E00831 /* FeedUIIntegrationTests+Localization.swift in Sources */ = {isa = PBXBuildFile; fileRef = 8A1F77CE2BAA0C5100E00831 /* FeedUIIntegrationTests+Localization.swift */; };
		8A30B2722B79232400CFFC20 /* URLSessionHTTPClientTests.swift in Sources */ = {isa = PBXBuildFile; fileRef = 8A30B2712B79232400CFFC20 /* URLSessionHTTPClientTests.swift */; };
		8A30B2752B792DD700CFFC20 /* XCTestCase+MemoryLeakTracking.swift in Sources */ = {isa = PBXBuildFile; fileRef = 8A30B2742B792DD700CFFC20 /* XCTestCase+MemoryLeakTracking.swift */; };
		8A34D3122B89F9EC00A7F2AC /* XCTestCase+MemoryLeakTracking.swift in Sources */ = {isa = PBXBuildFile; fileRef = 8A30B2742B792DD700CFFC20 /* XCTestCase+MemoryLeakTracking.swift */; };
		8A34D3132B89FAD200A7F2AC /* FeedCacheTestHelpers.swift in Sources */ = {isa = PBXBuildFile; fileRef = 8AAC065D2B86566500D34273 /* FeedCacheTestHelpers.swift */; };
		8A34D3142B89FADE00A7F2AC /* SharedTestHelpers.swift in Sources */ = {isa = PBXBuildFile; fileRef = 8AAC065A2B8655EB00D34273 /* SharedTestHelpers.swift */; };
		8A4E0ED02B98C5D200A7A6BA /* UIImage+TestHelpers.swift in Sources */ = {isa = PBXBuildFile; fileRef = 8A4E0ECF2B98C5D200A7A6BA /* UIImage+TestHelpers.swift */; };
		8A4E0ED22B98C6D100A7A6BA /* UIRefreshControl+TestHelpers.swift in Sources */ = {isa = PBXBuildFile; fileRef = 8A4E0ED12B98C6D100A7A6BA /* UIRefreshControl+TestHelpers.swift */; };
		8A4E0ED42B98C73300A7A6BA /* UIButton+TestHelpers.swift in Sources */ = {isa = PBXBuildFile; fileRef = 8A4E0ED32B98C73300A7A6BA /* UIButton+TestHelpers.swift */; };
		8A4E0ED62B98E44100A7A6BA /* UIControl+TestHelpers.swift in Sources */ = {isa = PBXBuildFile; fileRef = 8A4E0ED52B98E44100A7A6BA /* UIControl+TestHelpers.swift */; };
		8A4E0EDB2B98E62A00A7A6BA /* FeedViewController+TestHelpers.swift in Sources */ = {isa = PBXBuildFile; fileRef = 8A4E0EDA2B98E62A00A7A6BA /* FeedViewController+TestHelpers.swift */; };
		8A4E0EE02B98E6CE00A7A6BA /* FeedImageCell+TestHelpers.swift in Sources */ = {isa = PBXBuildFile; fileRef = 8A4E0EDF2B98E6CE00A7A6BA /* FeedImageCell+TestHelpers.swift */; };
		8A4E0EE22B98E78200A7A6BA /* FeedUIIntegrationTests+LoaderSpy.swift in Sources */ = {isa = PBXBuildFile; fileRef = 8A4E0EE12B98E78200A7A6BA /* FeedUIIntegrationTests+LoaderSpy.swift */; };
		8A4E0EE42B98E7F800A7A6BA /* FeedUIIntegrationTests+Assertions.swift in Sources */ = {isa = PBXBuildFile; fileRef = 8A4E0EE32B98E7F800A7A6BA /* FeedUIIntegrationTests+Assertions.swift */; };
		8A4E0EED2B98EEAD00A7A6BA /* FeedImageCellController.swift in Sources */ = {isa = PBXBuildFile; fileRef = 8A4E0EEC2B98EEAD00A7A6BA /* FeedImageCellController.swift */; };
		8A4E0EF02B98EF9400A7A6BA /* FeedUIComposer.swift in Sources */ = {isa = PBXBuildFile; fileRef = 8A4E0EEF2B98EF9400A7A6BA /* FeedUIComposer.swift */; };
		8A5BB3342B891AAA00408BA3 /* FeedStoreSpecs.swift in Sources */ = {isa = PBXBuildFile; fileRef = 8A5BB3332B891AAA00408BA3 /* FeedStoreSpecs.swift */; };
		8A5BB3362B891B6300408BA3 /* XCTestCase+FeedStoreSpecs.swift in Sources */ = {isa = PBXBuildFile; fileRef = 8A5BB3352B891B6300408BA3 /* XCTestCase+FeedStoreSpecs.swift */; };
		8A5BB3382B891D5F00408BA3 /* XCTestCase+FailableRetrieveFeedStoreSpecs.swift in Sources */ = {isa = PBXBuildFile; fileRef = 8A5BB3372B891D5F00408BA3 /* XCTestCase+FailableRetrieveFeedStoreSpecs.swift */; };
		8A5BB33A2B891DD600408BA3 /* XCTestCase+FailableInsertFeedStoreSpecs.swift in Sources */ = {isa = PBXBuildFile; fileRef = 8A5BB3392B891DD600408BA3 /* XCTestCase+FailableInsertFeedStoreSpecs.swift */; };
		8A5BB33C2B891F2900408BA3 /* XCtestCase+FailableDeleteFeedStoreSpecs.swift in Sources */ = {isa = PBXBuildFile; fileRef = 8A5BB33B2B891F2900408BA3 /* XCtestCase+FailableDeleteFeedStoreSpecs.swift */; };
		8A5BB33F2B89213000408BA3 /* CoreDataFeedStoreTests.swift in Sources */ = {isa = PBXBuildFile; fileRef = 8A5BB33E2B89213000408BA3 /* CoreDataFeedStoreTests.swift */; };
		8A5BB3412B8921E600408BA3 /* CoreDataFeedStore.swift in Sources */ = {isa = PBXBuildFile; fileRef = 8A5BB3402B8921E600408BA3 /* CoreDataFeedStore.swift */; };
		8A5BB3442B89232100408BA3 /* FeedStore.xcdatamodeld in Sources */ = {isa = PBXBuildFile; fileRef = 8A5BB3422B89232100408BA3 /* FeedStore.xcdatamodeld */; };
		8A65B8CA2B8E47750049180C /* EssentialFeediOS.framework in Frameworks */ = {isa = PBXBuildFile; fileRef = 8A65B8C22B8E47730049180C /* EssentialFeediOS.framework */; };
		8A65B8CF2B8E47760049180C /* FeedUIIntegrationTests.swift in Sources */ = {isa = PBXBuildFile; fileRef = 8A65B8CE2B8E47760049180C /* FeedUIIntegrationTests.swift */; };
		8A65B8D02B8E47760049180C /* EssentialFeediOS.h in Headers */ = {isa = PBXBuildFile; fileRef = 8A65B8C42B8E47730049180C /* EssentialFeediOS.h */; settings = {ATTRIBUTES = (Public, ); }; };
		8A65B8D92B8E4C0D0049180C /* EssentialFeed.framework in Frameworks */ = {isa = PBXBuildFile; fileRef = FA38DEF62B48565800F315D3 /* EssentialFeed.framework */; platformFilter = ios; };
		8A65B8DA2B8E4C0D0049180C /* EssentialFeed.framework in Embed Frameworks */ = {isa = PBXBuildFile; fileRef = FA38DEF62B48565800F315D3 /* EssentialFeed.framework */; platformFilter = ios; settings = {ATTRIBUTES = (CodeSignOnCopy, RemoveHeadersOnCopy, ); }; };
		8A65B8DE2B8E4CF50049180C /* XCTestCase+MemoryLeakTracking.swift in Sources */ = {isa = PBXBuildFile; fileRef = 8A30B2742B792DD700CFFC20 /* XCTestCase+MemoryLeakTracking.swift */; };
		8A65B8E02B8E53050049180C /* FeedViewController.swift in Sources */ = {isa = PBXBuildFile; fileRef = 8A65B8DF2B8E53050049180C /* FeedViewController.swift */; };
		8A65B8E22B8E534D0049180C /* FeedImageCell.swift in Sources */ = {isa = PBXBuildFile; fileRef = 8A65B8E12B8E534D0049180C /* FeedImageCell.swift */; };
		8A65B8E42B8E57B90049180C /* UIView+Shimmering.swift in Sources */ = {isa = PBXBuildFile; fileRef = 8A65B8E32B8E57B90049180C /* UIView+Shimmering.swift */; };
		8A6A5CBB2B7A44DF00466F6D /* URLSessionHTTPClient.swift in Sources */ = {isa = PBXBuildFile; fileRef = 8A6A5CBA2B7A44DF00466F6D /* URLSessionHTTPClient.swift */; };
		8A6A5CD12B7A4E6200466F6D /* EssentialFeedAPIEndToEndTests.swift in Sources */ = {isa = PBXBuildFile; fileRef = 8A6A5CD02B7A4E6200466F6D /* EssentialFeedAPIEndToEndTests.swift */; };
		8A6A5CD22B7A4E6200466F6D /* EssentialFeed.framework in Frameworks */ = {isa = PBXBuildFile; fileRef = FA38DEF62B48565800F315D3 /* EssentialFeed.framework */; };
		8A6A5CD82B7A50E100466F6D /* XCTestCase+MemoryLeakTracking.swift in Sources */ = {isa = PBXBuildFile; fileRef = 8A30B2742B792DD700CFFC20 /* XCTestCase+MemoryLeakTracking.swift */; };
		8A6C2D192BBC639E00C68131 /* HTTPURLResponse+StatusCode.swift in Sources */ = {isa = PBXBuildFile; fileRef = 8A6C2D182BBC639E00C68131 /* HTTPURLResponse+StatusCode.swift */; };
		8A6C2D1B2BBC643500C68131 /* URLProtocolStub.swift in Sources */ = {isa = PBXBuildFile; fileRef = 8A6C2D1A2BBC643500C68131 /* URLProtocolStub.swift */; };
		8A6C2D1D2BBC675300C68131 /* LoadFeedImageDataFromCacheUseCaseTests.swift in Sources */ = {isa = PBXBuildFile; fileRef = 8A6C2D1C2BBC675300C68131 /* LoadFeedImageDataFromCacheUseCaseTests.swift */; };
		8A6C2D1F2BBC6AA100C68131 /* LocalFeedImageDataLoader.swift in Sources */ = {isa = PBXBuildFile; fileRef = 8A6C2D1E2BBC6AA100C68131 /* LocalFeedImageDataLoader.swift */; };
		8A6C2D212BBC6AD600C68131 /* FeedImageDataStore.swift in Sources */ = {isa = PBXBuildFile; fileRef = 8A6C2D202BBC6AD600C68131 /* FeedImageDataStore.swift */; };
		8A6C2D242BBC6DD900C68131 /* FeedImageDataStoreSpy.swift in Sources */ = {isa = PBXBuildFile; fileRef = 8A6C2D232BBC6DD900C68131 /* FeedImageDataStoreSpy.swift */; };
		8A6C2D262BBC6E5A00C68131 /* CacheFeedImageDataUseCaseTests.swift in Sources */ = {isa = PBXBuildFile; fileRef = 8A6C2D252BBC6E5A00C68131 /* CacheFeedImageDataUseCaseTests.swift */; };
		8A6C2D282BBC70B200C68131 /* CoreDataFeedImageDataStoreTests.swift in Sources */ = {isa = PBXBuildFile; fileRef = 8A6C2D272BBC70B200C68131 /* CoreDataFeedImageDataStoreTests.swift */; };
		8A6C2D2C2BBD5A9E00C68131 /* CoreDataFeedStore+FeedImageDataLoader.swift in Sources */ = {isa = PBXBuildFile; fileRef = 8A6C2D2B2BBD5A9E00C68131 /* CoreDataFeedStore+FeedImageDataLoader.swift */; };
		8A8AE3E52B7AA02100A2F2DB /* CacheFeedUseCaseTests.swift in Sources */ = {isa = PBXBuildFile; fileRef = 8A8AE3E42B7AA02100A2F2DB /* CacheFeedUseCaseTests.swift */; };
		8AA773942B87B5D90095FE36 /* CodableFeedStore.swift in Sources */ = {isa = PBXBuildFile; fileRef = 8AA773932B87B5D90095FE36 /* CodableFeedStore.swift */; };
		8AAC06592B86540500D34273 /* ValidateFeedCacheUseCaseTests.swift in Sources */ = {isa = PBXBuildFile; fileRef = 8AAC06582B86540500D34273 /* ValidateFeedCacheUseCaseTests.swift */; };
		8AAC065B2B8655EB00D34273 /* SharedTestHelpers.swift in Sources */ = {isa = PBXBuildFile; fileRef = 8AAC065A2B8655EB00D34273 /* SharedTestHelpers.swift */; };
		8AAC065E2B86566500D34273 /* FeedCacheTestHelpers.swift in Sources */ = {isa = PBXBuildFile; fileRef = 8AAC065D2B86566500D34273 /* FeedCacheTestHelpers.swift */; };
		8ABBB6752B827942001B9D39 /* LoadFeedFromCacheUseCaseTests.swift in Sources */ = {isa = PBXBuildFile; fileRef = 8ABBB6742B827942001B9D39 /* LoadFeedFromCacheUseCaseTests.swift */; };
		8ABBB6772B827A07001B9D39 /* FeedStoreSpy.swift in Sources */ = {isa = PBXBuildFile; fileRef = 8ABBB6762B827A07001B9D39 /* FeedStoreSpy.swift */; };
		8AC063982B7F9E2E00A347AD /* LocalFeedLoader.swift in Sources */ = {isa = PBXBuildFile; fileRef = 8AC063972B7F9E2E00A347AD /* LocalFeedLoader.swift */; };
		8AC0639A2B7F9EB600A347AD /* FeedStore.swift in Sources */ = {isa = PBXBuildFile; fileRef = 8AC063992B7F9EB600A347AD /* FeedStore.swift */; };
		8AC0639C2B7FA1A200A347AD /* RemoteFeedItem.swift in Sources */ = {isa = PBXBuildFile; fileRef = 8AC0639B2B7FA1A200A347AD /* RemoteFeedItem.swift */; };
		8AC0639E2B7FA20100A347AD /* LocalFeedImage.swift in Sources */ = {isa = PBXBuildFile; fileRef = 8AC0639D2B7FA20100A347AD /* LocalFeedImage.swift */; };
		8AC9FD8C2BB33C15001BEA1F /* ErrorView.swift in Sources */ = {isa = PBXBuildFile; fileRef = 8AC9FD8B2BB33C15001BEA1F /* ErrorView.swift */; };
		8AC9FD912BB344B0001BEA1F /* UIRefreshControl+Helpers.swift in Sources */ = {isa = PBXBuildFile; fileRef = 8AC9FD902BB344B0001BEA1F /* UIRefreshControl+Helpers.swift */; };
		8AC9FD942BB34C64001BEA1F /* FeedPresenterTests.swift in Sources */ = {isa = PBXBuildFile; fileRef = 8AC9FD932BB34C64001BEA1F /* FeedPresenterTests.swift */; };
		8AC9FD9E2BB44616001BEA1F /* FeedPresenter.swift in Sources */ = {isa = PBXBuildFile; fileRef = 8AC9FD9D2BB44616001BEA1F /* FeedPresenter.swift */; };
		8AC9FD9F2BB4463D001BEA1F /* Feed.strings in Resources */ = {isa = PBXBuildFile; fileRef = 8AC9FD992BB441C1001BEA1F /* Feed.strings */; };
		8AC9FDA12BB446AB001BEA1F /* FeedViewModel.swift in Sources */ = {isa = PBXBuildFile; fileRef = 8AC9FDA02BB446AB001BEA1F /* FeedViewModel.swift */; };
		8AC9FDA32BB447C9001BEA1F /* FeedLoadingViewModel.swift in Sources */ = {isa = PBXBuildFile; fileRef = 8AC9FDA22BB447C9001BEA1F /* FeedLoadingViewModel.swift */; };
		8AC9FDA52BB44B28001BEA1F /* FeedErrorViewModel.swift in Sources */ = {isa = PBXBuildFile; fileRef = 8AC9FDA42BB44B28001BEA1F /* FeedErrorViewModel.swift */; };
		8AC9FDA62BB44E22001BEA1F /* FeedLocalizationTests.swift in Sources */ = {isa = PBXBuildFile; fileRef = 8A1F77D72BAA109700E00831 /* FeedLocalizationTests.swift */; };
		8AC9FDA82BB4527D001BEA1F /* FeedImagePresenterTests.swift in Sources */ = {isa = PBXBuildFile; fileRef = 8AC9FDA72BB4527D001BEA1F /* FeedImagePresenterTests.swift */; };
		8AC9FDAA2BB463B3001BEA1F /* FeedImagePresenter.swift in Sources */ = {isa = PBXBuildFile; fileRef = 8AC9FDA92BB463B3001BEA1F /* FeedImagePresenter.swift */; };
		8AC9FDAC2BB4645C001BEA1F /* FeedImageViewModel.swift in Sources */ = {isa = PBXBuildFile; fileRef = 8AC9FDAB2BB4645C001BEA1F /* FeedImageViewModel.swift */; };
		8AC9FDAD2BB46D78001BEA1F /* FeedImageDataLoader.swift in Sources */ = {isa = PBXBuildFile; fileRef = 8A4E0EE82B98ED6A00A7A6BA /* FeedImageDataLoader.swift */; };
		8AC9FDAF2BB46E5F001BEA1F /* RemoteFeedImageDataLoaderTests.swift in Sources */ = {isa = PBXBuildFile; fileRef = 8AC9FDAE2BB46E5F001BEA1F /* RemoteFeedImageDataLoaderTests.swift */; };
		8ACCBF462B892DB0000552D5 /* CoreDataHelpers.swift in Sources */ = {isa = PBXBuildFile; fileRef = 8ACCBF452B892DB0000552D5 /* CoreDataHelpers.swift */; };
		8ACCBF482B892E20000552D5 /* ManagedCache.swift in Sources */ = {isa = PBXBuildFile; fileRef = 8ACCBF472B892E20000552D5 /* ManagedCache.swift */; };
		8ACCBF4A2B892E46000552D5 /* ManagedFeedImage.swift in Sources */ = {isa = PBXBuildFile; fileRef = 8ACCBF492B892E46000552D5 /* ManagedFeedImage.swift */; };
		8ACCBF522B89F2AE000552D5 /* EssentialFeedCacheIntegrationTests.swift in Sources */ = {isa = PBXBuildFile; fileRef = 8ACCBF512B89F2AE000552D5 /* EssentialFeedCacheIntegrationTests.swift */; };
		8ACCBF532B89F2AE000552D5 /* EssentialFeed.framework in Frameworks */ = {isa = PBXBuildFile; fileRef = FA38DEF62B48565800F315D3 /* EssentialFeed.framework */; };
		8ADC83FB2BBC5E6F00A039E4 /* HTTPClientSpy.swift in Sources */ = {isa = PBXBuildFile; fileRef = 8ADC83FA2BBC5E6F00A039E4 /* HTTPClientSpy.swift */; };
		8ADC83FD2BBC5F0000A039E4 /* LoadFeedImageDataFromRemoteUseCaseTests.swift in Sources */ = {isa = PBXBuildFile; fileRef = 8ADC83FC2BBC5F0000A039E4 /* LoadFeedImageDataFromRemoteUseCaseTests.swift */; };
		8AE3A8622B86602000083789 /* FeedCachePolicy.swift in Sources */ = {isa = PBXBuildFile; fileRef = 8AE3A8602B865F6F00083789 /* FeedCachePolicy.swift */; };
		8AE3A8682B87AA3F00083789 /* CodableFeedStoreTests.swift in Sources */ = {isa = PBXBuildFile; fileRef = 8AE3A8672B87AA3F00083789 /* CodableFeedStoreTests.swift */; };
		FA38DEFF2B48565800F315D3 /* EssentialFeed.framework in Frameworks */ = {isa = PBXBuildFile; fileRef = FA38DEF62B48565800F315D3 /* EssentialFeed.framework */; };
		FA38DF052B48565800F315D3 /* EssentialFeed.h in Headers */ = {isa = PBXBuildFile; fileRef = FA38DEF92B48565800F315D3 /* EssentialFeed.h */; settings = {ATTRIBUTES = (Public, ); }; };
		FA38DF0F2B485C0900F315D3 /* FeedImage.swift in Sources */ = {isa = PBXBuildFile; fileRef = FA38DF0E2B485C0900F315D3 /* FeedImage.swift */; };
		FA38DF112B485C5000F315D3 /* FeedLoader.swift in Sources */ = {isa = PBXBuildFile; fileRef = FA38DF102B485C5000F315D3 /* FeedLoader.swift */; };
		FA38DF142B499BFB00F315D3 /* LoadFeedFromRemoteUseCaseTests.swift in Sources */ = {isa = PBXBuildFile; fileRef = FA38DF132B499BFB00F315D3 /* LoadFeedFromRemoteUseCaseTests.swift */; };
		FA6F68EC2B5D8B6C0011C5BC /* HTTPClient.swift in Sources */ = {isa = PBXBuildFile; fileRef = FA6F68EB2B5D8B6C0011C5BC /* HTTPClient.swift */; };
		FA6F68EE2B5D8BDC0011C5BC /* FeedItemsMapper.swift in Sources */ = {isa = PBXBuildFile; fileRef = FA6F68ED2B5D8BDC0011C5BC /* FeedItemsMapper.swift */; };
		FA7BE29E2B5D4B95003EB946 /* RemoteFeedLoader.swift in Sources */ = {isa = PBXBuildFile; fileRef = FA7BE29D2B5D4B95003EB946 /* RemoteFeedLoader.swift */; };
/* End PBXBuildFile section */

/* Begin PBXContainerItemProxy section */
		8A65B8CB2B8E47750049180C /* PBXContainerItemProxy */ = {
			isa = PBXContainerItemProxy;
			containerPortal = FA38DEED2B48565800F315D3 /* Project object */;
			proxyType = 1;
			remoteGlobalIDString = 8A65B8C12B8E47730049180C;
			remoteInfo = EssentialFeediOS;
		};
		8A65B8DB2B8E4C0E0049180C /* PBXContainerItemProxy */ = {
			isa = PBXContainerItemProxy;
			containerPortal = FA38DEED2B48565800F315D3 /* Project object */;
			proxyType = 1;
			remoteGlobalIDString = FA38DEF52B48565800F315D3;
			remoteInfo = EssentialFeed;
		};
		8A6A5CD32B7A4E6200466F6D /* PBXContainerItemProxy */ = {
			isa = PBXContainerItemProxy;
			containerPortal = FA38DEED2B48565800F315D3 /* Project object */;
			proxyType = 1;
			remoteGlobalIDString = FA38DEF52B48565800F315D3;
			remoteInfo = EssentialFeed;
		};
		8ACCBF542B89F2AE000552D5 /* PBXContainerItemProxy */ = {
			isa = PBXContainerItemProxy;
			containerPortal = FA38DEED2B48565800F315D3 /* Project object */;
			proxyType = 1;
			remoteGlobalIDString = FA38DEF52B48565800F315D3;
			remoteInfo = EssentialFeed;
		};
		FA38DF002B48565800F315D3 /* PBXContainerItemProxy */ = {
			isa = PBXContainerItemProxy;
			containerPortal = FA38DEED2B48565800F315D3 /* Project object */;
			proxyType = 1;
			remoteGlobalIDString = FA38DEF52B48565800F315D3;
			remoteInfo = EssentialFeed;
		};
/* End PBXContainerItemProxy section */

/* Begin PBXCopyFilesBuildPhase section */
		8A65B8DD2B8E4C0E0049180C /* Embed Frameworks */ = {
			isa = PBXCopyFilesBuildPhase;
			buildActionMask = 2147483647;
			dstPath = "";
			dstSubfolderSpec = 10;
			files = (
				8A65B8DA2B8E4C0D0049180C /* EssentialFeed.framework in Embed Frameworks */,
			);
			name = "Embed Frameworks";
			runOnlyForDeploymentPostprocessing = 0;
		};
/* End PBXCopyFilesBuildPhase section */

/* Begin PBXFileReference section */
		8A14C5902BAC3D70000DDBB1 /* MainQueueDispatchDecorator.swift */ = {isa = PBXFileReference; lastKnownFileType = sourcecode.swift; path = MainQueueDispatchDecorator.swift; sourceTree = "<group>"; };
		8A14C5922BAC3E08000DDBB1 /* WeakRefVirtualProxy.swift */ = {isa = PBXFileReference; lastKnownFileType = sourcecode.swift; path = WeakRefVirtualProxy.swift; sourceTree = "<group>"; };
		8A14C5942BAC3E7D000DDBB1 /* FeedImageDataLoaderPresentationAdapter.swift */ = {isa = PBXFileReference; lastKnownFileType = sourcecode.swift; path = FeedImageDataLoaderPresentationAdapter.swift; sourceTree = "<group>"; };
		8A14C5962BAC3F0B000DDBB1 /* FeedLoaderPresentationAdapter.swift */ = {isa = PBXFileReference; lastKnownFileType = sourcecode.swift; path = FeedLoaderPresentationAdapter.swift; sourceTree = "<group>"; };
		8A14C5982BAC3F89000DDBB1 /* FeedViewAdapter.swift */ = {isa = PBXFileReference; lastKnownFileType = sourcecode.swift; path = FeedViewAdapter.swift; sourceTree = "<group>"; };
		8A1F77C32BA9CF0600E00831 /* Feed.storyboard */ = {isa = PBXFileReference; lastKnownFileType = file.storyboard; path = Feed.storyboard; sourceTree = "<group>"; };
		8A1F77C72BAA068F00E00831 /* UITableView+Dequeuing.swift */ = {isa = PBXFileReference; lastKnownFileType = sourcecode.swift; path = "UITableView+Dequeuing.swift"; sourceTree = "<group>"; };
		8A1F77C92BAA06D800E00831 /* UIImageView+Animations.swift */ = {isa = PBXFileReference; lastKnownFileType = sourcecode.swift; path = "UIImageView+Animations.swift"; sourceTree = "<group>"; };
		8A1F77CE2BAA0C5100E00831 /* FeedUIIntegrationTests+Localization.swift */ = {isa = PBXFileReference; lastKnownFileType = sourcecode.swift; path = "FeedUIIntegrationTests+Localization.swift"; sourceTree = "<group>"; };
		8A1F77D72BAA109700E00831 /* FeedLocalizationTests.swift */ = {isa = PBXFileReference; lastKnownFileType = sourcecode.swift; path = FeedLocalizationTests.swift; sourceTree = "<group>"; };
		8A30B2712B79232400CFFC20 /* URLSessionHTTPClientTests.swift */ = {isa = PBXFileReference; lastKnownFileType = sourcecode.swift; path = URLSessionHTTPClientTests.swift; sourceTree = "<group>"; };
		8A30B2742B792DD700CFFC20 /* XCTestCase+MemoryLeakTracking.swift */ = {isa = PBXFileReference; lastKnownFileType = sourcecode.swift; path = "XCTestCase+MemoryLeakTracking.swift"; sourceTree = "<group>"; };
		8A4E0ECF2B98C5D200A7A6BA /* UIImage+TestHelpers.swift */ = {isa = PBXFileReference; lastKnownFileType = sourcecode.swift; path = "UIImage+TestHelpers.swift"; sourceTree = "<group>"; };
		8A4E0ED12B98C6D100A7A6BA /* UIRefreshControl+TestHelpers.swift */ = {isa = PBXFileReference; lastKnownFileType = sourcecode.swift; path = "UIRefreshControl+TestHelpers.swift"; sourceTree = "<group>"; };
		8A4E0ED32B98C73300A7A6BA /* UIButton+TestHelpers.swift */ = {isa = PBXFileReference; lastKnownFileType = sourcecode.swift; path = "UIButton+TestHelpers.swift"; sourceTree = "<group>"; };
		8A4E0ED52B98E44100A7A6BA /* UIControl+TestHelpers.swift */ = {isa = PBXFileReference; lastKnownFileType = sourcecode.swift; path = "UIControl+TestHelpers.swift"; sourceTree = "<group>"; };
		8A4E0EDA2B98E62A00A7A6BA /* FeedViewController+TestHelpers.swift */ = {isa = PBXFileReference; lastKnownFileType = sourcecode.swift; path = "FeedViewController+TestHelpers.swift"; sourceTree = "<group>"; };
		8A4E0EDF2B98E6CE00A7A6BA /* FeedImageCell+TestHelpers.swift */ = {isa = PBXFileReference; lastKnownFileType = sourcecode.swift; path = "FeedImageCell+TestHelpers.swift"; sourceTree = "<group>"; };
		8A4E0EE12B98E78200A7A6BA /* FeedUIIntegrationTests+LoaderSpy.swift */ = {isa = PBXFileReference; lastKnownFileType = sourcecode.swift; path = "FeedUIIntegrationTests+LoaderSpy.swift"; sourceTree = "<group>"; };
		8A4E0EE32B98E7F800A7A6BA /* FeedUIIntegrationTests+Assertions.swift */ = {isa = PBXFileReference; lastKnownFileType = sourcecode.swift; path = "FeedUIIntegrationTests+Assertions.swift"; sourceTree = "<group>"; };
		8A4E0EE82B98ED6A00A7A6BA /* FeedImageDataLoader.swift */ = {isa = PBXFileReference; lastKnownFileType = sourcecode.swift; path = FeedImageDataLoader.swift; sourceTree = "<group>"; };
		8A4E0EEC2B98EEAD00A7A6BA /* FeedImageCellController.swift */ = {isa = PBXFileReference; lastKnownFileType = sourcecode.swift; path = FeedImageCellController.swift; sourceTree = "<group>"; };
		8A4E0EEF2B98EF9400A7A6BA /* FeedUIComposer.swift */ = {isa = PBXFileReference; lastKnownFileType = sourcecode.swift; path = FeedUIComposer.swift; sourceTree = "<group>"; };
		8A5BB3332B891AAA00408BA3 /* FeedStoreSpecs.swift */ = {isa = PBXFileReference; lastKnownFileType = sourcecode.swift; path = FeedStoreSpecs.swift; sourceTree = "<group>"; };
		8A5BB3352B891B6300408BA3 /* XCTestCase+FeedStoreSpecs.swift */ = {isa = PBXFileReference; lastKnownFileType = sourcecode.swift; path = "XCTestCase+FeedStoreSpecs.swift"; sourceTree = "<group>"; };
		8A5BB3372B891D5F00408BA3 /* XCTestCase+FailableRetrieveFeedStoreSpecs.swift */ = {isa = PBXFileReference; lastKnownFileType = sourcecode.swift; path = "XCTestCase+FailableRetrieveFeedStoreSpecs.swift"; sourceTree = "<group>"; };
		8A5BB3392B891DD600408BA3 /* XCTestCase+FailableInsertFeedStoreSpecs.swift */ = {isa = PBXFileReference; lastKnownFileType = sourcecode.swift; path = "XCTestCase+FailableInsertFeedStoreSpecs.swift"; sourceTree = "<group>"; };
		8A5BB33B2B891F2900408BA3 /* XCtestCase+FailableDeleteFeedStoreSpecs.swift */ = {isa = PBXFileReference; lastKnownFileType = sourcecode.swift; path = "XCtestCase+FailableDeleteFeedStoreSpecs.swift"; sourceTree = "<group>"; };
		8A5BB33E2B89213000408BA3 /* CoreDataFeedStoreTests.swift */ = {isa = PBXFileReference; lastKnownFileType = sourcecode.swift; path = CoreDataFeedStoreTests.swift; sourceTree = "<group>"; };
		8A5BB3402B8921E600408BA3 /* CoreDataFeedStore.swift */ = {isa = PBXFileReference; lastKnownFileType = sourcecode.swift; path = CoreDataFeedStore.swift; sourceTree = "<group>"; };
		8A5BB3432B89232100408BA3 /* EssentialFeedModel.xcdatamodel */ = {isa = PBXFileReference; lastKnownFileType = wrapper.xcdatamodel; path = EssentialFeedModel.xcdatamodel; sourceTree = "<group>"; };
		8A65B8C22B8E47730049180C /* EssentialFeediOS.framework */ = {isa = PBXFileReference; explicitFileType = wrapper.framework; includeInIndex = 0; path = EssentialFeediOS.framework; sourceTree = BUILT_PRODUCTS_DIR; };
		8A65B8C42B8E47730049180C /* EssentialFeediOS.h */ = {isa = PBXFileReference; lastKnownFileType = sourcecode.c.h; path = EssentialFeediOS.h; sourceTree = "<group>"; };
		8A65B8C92B8E47740049180C /* EssentialFeediOSTests.xctest */ = {isa = PBXFileReference; explicitFileType = wrapper.cfbundle; includeInIndex = 0; path = EssentialFeediOSTests.xctest; sourceTree = BUILT_PRODUCTS_DIR; };
		8A65B8CE2B8E47760049180C /* FeedUIIntegrationTests.swift */ = {isa = PBXFileReference; lastKnownFileType = sourcecode.swift; path = FeedUIIntegrationTests.swift; sourceTree = "<group>"; };
		8A65B8D72B8E47BB0049180C /* EssentialFeediOS.xctestplan */ = {isa = PBXFileReference; lastKnownFileType = text; path = EssentialFeediOS.xctestplan; sourceTree = "<group>"; };
		8A65B8DF2B8E53050049180C /* FeedViewController.swift */ = {isa = PBXFileReference; lastKnownFileType = sourcecode.swift; path = FeedViewController.swift; sourceTree = "<group>"; };
		8A65B8E12B8E534D0049180C /* FeedImageCell.swift */ = {isa = PBXFileReference; lastKnownFileType = sourcecode.swift; path = FeedImageCell.swift; sourceTree = "<group>"; };
		8A65B8E32B8E57B90049180C /* UIView+Shimmering.swift */ = {isa = PBXFileReference; lastKnownFileType = sourcecode.swift; path = "UIView+Shimmering.swift"; sourceTree = "<group>"; };
		8A6A5CBA2B7A44DF00466F6D /* URLSessionHTTPClient.swift */ = {isa = PBXFileReference; lastKnownFileType = sourcecode.swift; path = URLSessionHTTPClient.swift; sourceTree = "<group>"; };
		8A6A5CCE2B7A4E6200466F6D /* EssentialFeedAPIEndToEndTests.xctest */ = {isa = PBXFileReference; explicitFileType = wrapper.cfbundle; includeInIndex = 0; path = EssentialFeedAPIEndToEndTests.xctest; sourceTree = BUILT_PRODUCTS_DIR; };
		8A6A5CD02B7A4E6200466F6D /* EssentialFeedAPIEndToEndTests.swift */ = {isa = PBXFileReference; lastKnownFileType = sourcecode.swift; path = EssentialFeedAPIEndToEndTests.swift; sourceTree = "<group>"; };
		8A6C2D182BBC639E00C68131 /* HTTPURLResponse+StatusCode.swift */ = {isa = PBXFileReference; lastKnownFileType = sourcecode.swift; path = "HTTPURLResponse+StatusCode.swift"; sourceTree = "<group>"; };
		8A6C2D1A2BBC643500C68131 /* URLProtocolStub.swift */ = {isa = PBXFileReference; lastKnownFileType = sourcecode.swift; path = URLProtocolStub.swift; sourceTree = "<group>"; };
		8A6C2D1C2BBC675300C68131 /* LoadFeedImageDataFromCacheUseCaseTests.swift */ = {isa = PBXFileReference; lastKnownFileType = sourcecode.swift; path = LoadFeedImageDataFromCacheUseCaseTests.swift; sourceTree = "<group>"; };
		8A6C2D1E2BBC6AA100C68131 /* LocalFeedImageDataLoader.swift */ = {isa = PBXFileReference; lastKnownFileType = sourcecode.swift; path = LocalFeedImageDataLoader.swift; sourceTree = "<group>"; };
		8A6C2D202BBC6AD600C68131 /* FeedImageDataStore.swift */ = {isa = PBXFileReference; lastKnownFileType = sourcecode.swift; path = FeedImageDataStore.swift; sourceTree = "<group>"; };
		8A6C2D232BBC6DD900C68131 /* FeedImageDataStoreSpy.swift */ = {isa = PBXFileReference; lastKnownFileType = sourcecode.swift; path = FeedImageDataStoreSpy.swift; sourceTree = "<group>"; };
		8A6C2D252BBC6E5A00C68131 /* CacheFeedImageDataUseCaseTests.swift */ = {isa = PBXFileReference; lastKnownFileType = sourcecode.swift; path = CacheFeedImageDataUseCaseTests.swift; sourceTree = "<group>"; };
		8A6C2D272BBC70B200C68131 /* CoreDataFeedImageDataStoreTests.swift */ = {isa = PBXFileReference; lastKnownFileType = sourcecode.swift; path = CoreDataFeedImageDataStoreTests.swift; sourceTree = "<group>"; };
		8A6C2D2A2BBD595500C68131 /* FeedStore2.xcdatamodel */ = {isa = PBXFileReference; lastKnownFileType = wrapper.xcdatamodel; path = FeedStore2.xcdatamodel; sourceTree = "<group>"; };
		8A6C2D2B2BBD5A9E00C68131 /* CoreDataFeedStore+FeedImageDataLoader.swift */ = {isa = PBXFileReference; lastKnownFileType = sourcecode.swift; path = "CoreDataFeedStore+FeedImageDataLoader.swift"; sourceTree = "<group>"; };
		8A8AE3E42B7AA02100A2F2DB /* CacheFeedUseCaseTests.swift */ = {isa = PBXFileReference; lastKnownFileType = sourcecode.swift; path = CacheFeedUseCaseTests.swift; sourceTree = "<group>"; };
		8AA773932B87B5D90095FE36 /* CodableFeedStore.swift */ = {isa = PBXFileReference; lastKnownFileType = sourcecode.swift; path = CodableFeedStore.swift; sourceTree = "<group>"; };
		8AAC06582B86540500D34273 /* ValidateFeedCacheUseCaseTests.swift */ = {isa = PBXFileReference; lastKnownFileType = sourcecode.swift; path = ValidateFeedCacheUseCaseTests.swift; sourceTree = "<group>"; };
		8AAC065A2B8655EB00D34273 /* SharedTestHelpers.swift */ = {isa = PBXFileReference; lastKnownFileType = sourcecode.swift; path = SharedTestHelpers.swift; sourceTree = "<group>"; };
		8AAC065D2B86566500D34273 /* FeedCacheTestHelpers.swift */ = {isa = PBXFileReference; lastKnownFileType = sourcecode.swift; path = FeedCacheTestHelpers.swift; sourceTree = "<group>"; };
		8ABBB6742B827942001B9D39 /* LoadFeedFromCacheUseCaseTests.swift */ = {isa = PBXFileReference; lastKnownFileType = sourcecode.swift; path = LoadFeedFromCacheUseCaseTests.swift; sourceTree = "<group>"; };
		8ABBB6762B827A07001B9D39 /* FeedStoreSpy.swift */ = {isa = PBXFileReference; lastKnownFileType = sourcecode.swift; path = FeedStoreSpy.swift; sourceTree = "<group>"; };
		8AC063972B7F9E2E00A347AD /* LocalFeedLoader.swift */ = {isa = PBXFileReference; lastKnownFileType = sourcecode.swift; path = LocalFeedLoader.swift; sourceTree = "<group>"; };
		8AC063992B7F9EB600A347AD /* FeedStore.swift */ = {isa = PBXFileReference; lastKnownFileType = sourcecode.swift; path = FeedStore.swift; sourceTree = "<group>"; };
		8AC0639B2B7FA1A200A347AD /* RemoteFeedItem.swift */ = {isa = PBXFileReference; lastKnownFileType = sourcecode.swift; path = RemoteFeedItem.swift; sourceTree = "<group>"; };
		8AC0639D2B7FA20100A347AD /* LocalFeedImage.swift */ = {isa = PBXFileReference; lastKnownFileType = sourcecode.swift; path = LocalFeedImage.swift; sourceTree = "<group>"; };
		8AC9FD8B2BB33C15001BEA1F /* ErrorView.swift */ = {isa = PBXFileReference; lastKnownFileType = sourcecode.swift; path = ErrorView.swift; sourceTree = "<group>"; };
		8AC9FD902BB344B0001BEA1F /* UIRefreshControl+Helpers.swift */ = {isa = PBXFileReference; lastKnownFileType = sourcecode.swift; path = "UIRefreshControl+Helpers.swift"; sourceTree = "<group>"; };
		8AC9FD932BB34C64001BEA1F /* FeedPresenterTests.swift */ = {isa = PBXFileReference; lastKnownFileType = sourcecode.swift; path = FeedPresenterTests.swift; sourceTree = "<group>"; };
		8AC9FD982BB441C1001BEA1F /* en */ = {isa = PBXFileReference; lastKnownFileType = text.plist.strings; name = en; path = en.lproj/Feed.strings; sourceTree = "<group>"; };
		8AC9FD9A2BB441C4001BEA1F /* el */ = {isa = PBXFileReference; lastKnownFileType = text.plist.strings; name = el; path = el.lproj/Feed.strings; sourceTree = "<group>"; };
		8AC9FD9B2BB441C6001BEA1F /* pt-BR */ = {isa = PBXFileReference; lastKnownFileType = text.plist.strings; name = "pt-BR"; path = "pt-BR.lproj/Feed.strings"; sourceTree = "<group>"; };
		8AC9FD9D2BB44616001BEA1F /* FeedPresenter.swift */ = {isa = PBXFileReference; lastKnownFileType = sourcecode.swift; path = FeedPresenter.swift; sourceTree = "<group>"; };
		8AC9FDA02BB446AB001BEA1F /* FeedViewModel.swift */ = {isa = PBXFileReference; lastKnownFileType = sourcecode.swift; path = FeedViewModel.swift; sourceTree = "<group>"; };
		8AC9FDA22BB447C9001BEA1F /* FeedLoadingViewModel.swift */ = {isa = PBXFileReference; lastKnownFileType = sourcecode.swift; path = FeedLoadingViewModel.swift; sourceTree = "<group>"; };
		8AC9FDA42BB44B28001BEA1F /* FeedErrorViewModel.swift */ = {isa = PBXFileReference; lastKnownFileType = sourcecode.swift; path = FeedErrorViewModel.swift; sourceTree = "<group>"; };
		8AC9FDA72BB4527D001BEA1F /* FeedImagePresenterTests.swift */ = {isa = PBXFileReference; lastKnownFileType = sourcecode.swift; path = FeedImagePresenterTests.swift; sourceTree = "<group>"; };
		8AC9FDA92BB463B3001BEA1F /* FeedImagePresenter.swift */ = {isa = PBXFileReference; lastKnownFileType = sourcecode.swift; path = FeedImagePresenter.swift; sourceTree = "<group>"; };
		8AC9FDAB2BB4645C001BEA1F /* FeedImageViewModel.swift */ = {isa = PBXFileReference; lastKnownFileType = sourcecode.swift; path = FeedImageViewModel.swift; sourceTree = "<group>"; };
		8AC9FDAE2BB46E5F001BEA1F /* RemoteFeedImageDataLoaderTests.swift */ = {isa = PBXFileReference; lastKnownFileType = sourcecode.swift; path = RemoteFeedImageDataLoaderTests.swift; sourceTree = "<group>"; };
		8ACCBF452B892DB0000552D5 /* CoreDataHelpers.swift */ = {isa = PBXFileReference; lastKnownFileType = sourcecode.swift; path = CoreDataHelpers.swift; sourceTree = "<group>"; };
		8ACCBF472B892E20000552D5 /* ManagedCache.swift */ = {isa = PBXFileReference; lastKnownFileType = sourcecode.swift; path = ManagedCache.swift; sourceTree = "<group>"; };
		8ACCBF492B892E46000552D5 /* ManagedFeedImage.swift */ = {isa = PBXFileReference; lastKnownFileType = sourcecode.swift; path = ManagedFeedImage.swift; sourceTree = "<group>"; };
		8ACCBF4F2B89F2AE000552D5 /* EssentialFeedCacheIntegrationTests.xctest */ = {isa = PBXFileReference; explicitFileType = wrapper.cfbundle; includeInIndex = 0; path = EssentialFeedCacheIntegrationTests.xctest; sourceTree = BUILT_PRODUCTS_DIR; };
		8ACCBF512B89F2AE000552D5 /* EssentialFeedCacheIntegrationTests.swift */ = {isa = PBXFileReference; lastKnownFileType = sourcecode.swift; path = EssentialFeedCacheIntegrationTests.swift; sourceTree = "<group>"; };
		8ADC83FA2BBC5E6F00A039E4 /* HTTPClientSpy.swift */ = {isa = PBXFileReference; lastKnownFileType = sourcecode.swift; path = HTTPClientSpy.swift; sourceTree = "<group>"; };
		8ADC83FC2BBC5F0000A039E4 /* LoadFeedImageDataFromRemoteUseCaseTests.swift */ = {isa = PBXFileReference; lastKnownFileType = sourcecode.swift; path = LoadFeedImageDataFromRemoteUseCaseTests.swift; sourceTree = "<group>"; };
		8AE3A8602B865F6F00083789 /* FeedCachePolicy.swift */ = {isa = PBXFileReference; lastKnownFileType = sourcecode.swift; path = FeedCachePolicy.swift; sourceTree = "<group>"; };
		8AE3A8672B87AA3F00083789 /* CodableFeedStoreTests.swift */ = {isa = PBXFileReference; lastKnownFileType = sourcecode.swift; path = CodableFeedStoreTests.swift; sourceTree = "<group>"; };
		FA38DEF62B48565800F315D3 /* EssentialFeed.framework */ = {isa = PBXFileReference; explicitFileType = wrapper.framework; includeInIndex = 0; path = EssentialFeed.framework; sourceTree = BUILT_PRODUCTS_DIR; };
		FA38DEF92B48565800F315D3 /* EssentialFeed.h */ = {isa = PBXFileReference; lastKnownFileType = sourcecode.c.h; path = EssentialFeed.h; sourceTree = "<group>"; };
		FA38DEFE2B48565800F315D3 /* EssentialFeedTests.xctest */ = {isa = PBXFileReference; explicitFileType = wrapper.cfbundle; includeInIndex = 0; path = EssentialFeedTests.xctest; sourceTree = BUILT_PRODUCTS_DIR; };
		FA38DF0E2B485C0900F315D3 /* FeedImage.swift */ = {isa = PBXFileReference; lastKnownFileType = sourcecode.swift; path = FeedImage.swift; sourceTree = "<group>"; };
		FA38DF102B485C5000F315D3 /* FeedLoader.swift */ = {isa = PBXFileReference; lastKnownFileType = sourcecode.swift; path = FeedLoader.swift; sourceTree = "<group>"; };
		FA38DF132B499BFB00F315D3 /* LoadFeedFromRemoteUseCaseTests.swift */ = {isa = PBXFileReference; lastKnownFileType = sourcecode.swift; path = LoadFeedFromRemoteUseCaseTests.swift; sourceTree = "<group>"; };
		FA6F68EB2B5D8B6C0011C5BC /* HTTPClient.swift */ = {isa = PBXFileReference; lastKnownFileType = sourcecode.swift; path = HTTPClient.swift; sourceTree = "<group>"; };
		FA6F68ED2B5D8BDC0011C5BC /* FeedItemsMapper.swift */ = {isa = PBXFileReference; lastKnownFileType = sourcecode.swift; path = FeedItemsMapper.swift; sourceTree = "<group>"; };
		FA7BE29D2B5D4B95003EB946 /* RemoteFeedLoader.swift */ = {isa = PBXFileReference; lastKnownFileType = sourcecode.swift; path = RemoteFeedLoader.swift; sourceTree = "<group>"; };
/* End PBXFileReference section */

/* Begin PBXFrameworksBuildPhase section */
		8A65B8BF2B8E47730049180C /* Frameworks */ = {
			isa = PBXFrameworksBuildPhase;
			buildActionMask = 2147483647;
			files = (
				8A65B8D92B8E4C0D0049180C /* EssentialFeed.framework in Frameworks */,
			);
			runOnlyForDeploymentPostprocessing = 0;
		};
		8A65B8C62B8E47740049180C /* Frameworks */ = {
			isa = PBXFrameworksBuildPhase;
			buildActionMask = 2147483647;
			files = (
				8A65B8CA2B8E47750049180C /* EssentialFeediOS.framework in Frameworks */,
			);
			runOnlyForDeploymentPostprocessing = 0;
		};
		8A6A5CCB2B7A4E6200466F6D /* Frameworks */ = {
			isa = PBXFrameworksBuildPhase;
			buildActionMask = 2147483647;
			files = (
				8A6A5CD22B7A4E6200466F6D /* EssentialFeed.framework in Frameworks */,
			);
			runOnlyForDeploymentPostprocessing = 0;
		};
		8ACCBF4C2B89F2AE000552D5 /* Frameworks */ = {
			isa = PBXFrameworksBuildPhase;
			buildActionMask = 2147483647;
			files = (
				8ACCBF532B89F2AE000552D5 /* EssentialFeed.framework in Frameworks */,
			);
			runOnlyForDeploymentPostprocessing = 0;
		};
		FA38DEF32B48565800F315D3 /* Frameworks */ = {
			isa = PBXFrameworksBuildPhase;
			buildActionMask = 2147483647;
			files = (
			);
			runOnlyForDeploymentPostprocessing = 0;
		};
		FA38DEFB2B48565800F315D3 /* Frameworks */ = {
			isa = PBXFrameworksBuildPhase;
			buildActionMask = 2147483647;
			files = (
				FA38DEFF2B48565800F315D3 /* EssentialFeed.framework in Frameworks */,
			);
			runOnlyForDeploymentPostprocessing = 0;
		};
/* End PBXFrameworksBuildPhase section */

/* Begin PBXGroup section */
		8A30B2732B792DA400CFFC20 /* Helpers */ = {
			isa = PBXGroup;
			children = (
				8A30B2742B792DD700CFFC20 /* XCTestCase+MemoryLeakTracking.swift */,
				8ABBB6762B827A07001B9D39 /* FeedStoreSpy.swift */,
				8AAC065A2B8655EB00D34273 /* SharedTestHelpers.swift */,
				8ADC83FA2BBC5E6F00A039E4 /* HTTPClientSpy.swift */,
				8A6C2D1A2BBC643500C68131 /* URLProtocolStub.swift */,
			);
			path = Helpers;
			sourceTree = "<group>";
		};
		8A4E0ECE2B98C5B700A7A6BA /* Helpers */ = {
			isa = PBXGroup;
			children = (
				8A4E0EDF2B98E6CE00A7A6BA /* FeedImageCell+TestHelpers.swift */,
				8A4E0EE32B98E7F800A7A6BA /* FeedUIIntegrationTests+Assertions.swift */,
				8A4E0EE12B98E78200A7A6BA /* FeedUIIntegrationTests+LoaderSpy.swift */,
				8A1F77CE2BAA0C5100E00831 /* FeedUIIntegrationTests+Localization.swift */,
				8A4E0EDA2B98E62A00A7A6BA /* FeedViewController+TestHelpers.swift */,
				8A4E0ECF2B98C5D200A7A6BA /* UIImage+TestHelpers.swift */,
				8A4E0ED32B98C73300A7A6BA /* UIButton+TestHelpers.swift */,
				8A4E0ED52B98E44100A7A6BA /* UIControl+TestHelpers.swift */,
				8A4E0ED12B98C6D100A7A6BA /* UIRefreshControl+TestHelpers.swift */,
			);
			path = Helpers;
			sourceTree = "<group>";
		};
		8A4E0ED72B98E59400A7A6BA /* Feed UI */ = {
			isa = PBXGroup;
			children = (
				8A65B8CE2B8E47760049180C /* FeedUIIntegrationTests.swift */,
				8A4E0ECE2B98C5B700A7A6BA /* Helpers */,
			);
			path = "Feed UI";
			sourceTree = "<group>";
		};
		8A4E0ED82B98E5A600A7A6BA /* Controllers */ = {
			isa = PBXGroup;
			children = (
				8A65B8DF2B8E53050049180C /* FeedViewController.swift */,
				8A4E0EEC2B98EEAD00A7A6BA /* FeedImageCellController.swift */,
			);
			path = Controllers;
			sourceTree = "<group>";
		};
		8A4E0ED92B98E5AB00A7A6BA /* Views */ = {
			isa = PBXGroup;
			children = (
				8AC9FD8D2BB34366001BEA1F /* Helpers */,
				8A65B8E12B8E534D0049180C /* FeedImageCell.swift */,
				8A1F77C32BA9CF0600E00831 /* Feed.storyboard */,
				8AC9FD8B2BB33C15001BEA1F /* ErrorView.swift */,
			);
			path = Views;
			sourceTree = "<group>";
		};
		8A4E0EE52B98E9CC00A7A6BA /* Feed UI */ = {
			isa = PBXGroup;
			children = (
				8A4E0EEE2B98EF7800A7A6BA /* Composers */,
				8A4E0ED82B98E5A600A7A6BA /* Controllers */,
				8A4E0ED92B98E5AB00A7A6BA /* Views */,
			);
			path = "Feed UI";
			sourceTree = "<group>";
		};
		8A4E0EE62B98EA1800A7A6BA /* Feed UI */ = {
			isa = PBXGroup;
			children = (
				8A4E0ED72B98E59400A7A6BA /* Feed UI */,
			);
			path = "Feed UI";
			sourceTree = "<group>";
		};
		8A4E0EE72B98ED4B00A7A6BA /* Feed Image Loader */ = {
			isa = PBXGroup;
			children = (
			);
			path = "Feed Image Loader";
			sourceTree = "<group>";
		};
		8A4E0EEE2B98EF7800A7A6BA /* Composers */ = {
			isa = PBXGroup;
			children = (
				8A4E0EEF2B98EF9400A7A6BA /* FeedUIComposer.swift */,
				8A14C5982BAC3F89000DDBB1 /* FeedViewAdapter.swift */,
				8A14C5902BAC3D70000DDBB1 /* MainQueueDispatchDecorator.swift */,
				8A14C5922BAC3E08000DDBB1 /* WeakRefVirtualProxy.swift */,
				8A14C5942BAC3E7D000DDBB1 /* FeedImageDataLoaderPresentationAdapter.swift */,
				8A14C5962BAC3F0B000DDBB1 /* FeedLoaderPresentationAdapter.swift */,
			);
			path = Composers;
			sourceTree = "<group>";
		};
		8A5BB33D2B891FCB00408BA3 /* FeedStoreSpecs */ = {
			isa = PBXGroup;
			children = (
				8A5BB3332B891AAA00408BA3 /* FeedStoreSpecs.swift */,
				8A5BB3352B891B6300408BA3 /* XCTestCase+FeedStoreSpecs.swift */,
				8A5BB3372B891D5F00408BA3 /* XCTestCase+FailableRetrieveFeedStoreSpecs.swift */,
				8A5BB3392B891DD600408BA3 /* XCTestCase+FailableInsertFeedStoreSpecs.swift */,
				8A5BB33B2B891F2900408BA3 /* XCtestCase+FailableDeleteFeedStoreSpecs.swift */,
			);
			path = FeedStoreSpecs;
			sourceTree = "<group>";
		};
		8A65B8C32B8E47730049180C /* EssentialFeediOS */ = {
			isa = PBXGroup;
			children = (
				8A4E0EE72B98ED4B00A7A6BA /* Feed Image Loader */,
				8A4E0EE52B98E9CC00A7A6BA /* Feed UI */,
				8A65B8C42B8E47730049180C /* EssentialFeediOS.h */,
			);
			path = EssentialFeediOS;
			sourceTree = "<group>";
		};
		8A65B8CD2B8E47760049180C /* EssentialFeediOSTests */ = {
			isa = PBXGroup;
			children = (
				8A4E0EE62B98EA1800A7A6BA /* Feed UI */,
			);
			path = EssentialFeediOSTests;
			sourceTree = "<group>";
		};
		8A65B8D82B8E4C0D0049180C /* Frameworks */ = {
			isa = PBXGroup;
			children = (
			);
			name = Frameworks;
			sourceTree = "<group>";
		};
		8A6A5CCF2B7A4E6200466F6D /* EssentialFeedAPIEndToEndTests */ = {
			isa = PBXGroup;
			children = (
				8A6A5CD02B7A4E6200466F6D /* EssentialFeedAPIEndToEndTests.swift */,
			);
			path = EssentialFeedAPIEndToEndTests;
			sourceTree = "<group>";
		};
		8A6C2D172BBC638100C68131 /* Helpers */ = {
			isa = PBXGroup;
			children = (
				8A6C2D182BBC639E00C68131 /* HTTPURLResponse+StatusCode.swift */,
			);
			path = Helpers;
			sourceTree = "<group>";
		};
		8A8AE3E32B7A9FFD00A2F2DB /* Feed Cache */ = {
			isa = PBXGroup;
			children = (
				8AAC065C2B86563C00D34273 /* Helpers */,
				8A5BB33D2B891FCB00408BA3 /* FeedStoreSpecs */,
				8A8AE3E42B7AA02100A2F2DB /* CacheFeedUseCaseTests.swift */,
				8ABBB6742B827942001B9D39 /* LoadFeedFromCacheUseCaseTests.swift */,
				8AAC06582B86540500D34273 /* ValidateFeedCacheUseCaseTests.swift */,
				8AE3A8672B87AA3F00083789 /* CodableFeedStoreTests.swift */,
				8A5BB33E2B89213000408BA3 /* CoreDataFeedStoreTests.swift */,
				8A6C2D1C2BBC675300C68131 /* LoadFeedImageDataFromCacheUseCaseTests.swift */,
				8A6C2D252BBC6E5A00C68131 /* CacheFeedImageDataUseCaseTests.swift */,
				8A6C2D272BBC70B200C68131 /* CoreDataFeedImageDataStoreTests.swift */,
			);
			path = "Feed Cache";
			sourceTree = "<group>";
		};
		8AAC065C2B86563C00D34273 /* Helpers */ = {
			isa = PBXGroup;
			children = (
				8AAC065D2B86566500D34273 /* FeedCacheTestHelpers.swift */,
				8A6C2D232BBC6DD900C68131 /* FeedImageDataStoreSpy.swift */,
			);
			path = Helpers;
			sourceTree = "<group>";
		};
		8AC063962B7F9E0900A347AD /* Feed Cache */ = {
			isa = PBXGroup;
			children = (
				8ACCBF422B892C81000552D5 /* Infrastructure */,
				8AC063972B7F9E2E00A347AD /* LocalFeedLoader.swift */,
				8AC063992B7F9EB600A347AD /* FeedStore.swift */,
				8AC0639D2B7FA20100A347AD /* LocalFeedImage.swift */,
				8AE3A8602B865F6F00083789 /* FeedCachePolicy.swift */,
				8A6C2D1E2BBC6AA100C68131 /* LocalFeedImageDataLoader.swift */,
				8A6C2D202BBC6AD600C68131 /* FeedImageDataStore.swift */,
			);
			path = "Feed Cache";
			sourceTree = "<group>";
		};
		8AC9FD8D2BB34366001BEA1F /* Helpers */ = {
			isa = PBXGroup;
			children = (
				8A1F77C92BAA06D800E00831 /* UIImageView+Animations.swift */,
				8AC9FD902BB344B0001BEA1F /* UIRefreshControl+Helpers.swift */,
				8A1F77C72BAA068F00E00831 /* UITableView+Dequeuing.swift */,
				8A65B8E32B8E57B90049180C /* UIView+Shimmering.swift */,
			);
			path = Helpers;
			sourceTree = "<group>";
		};
		8AC9FD922BB34C06001BEA1F /* Feed Presentation */ = {
			isa = PBXGroup;
			children = (
				8AC9FD932BB34C64001BEA1F /* FeedPresenterTests.swift */,
				8AC9FDA72BB4527D001BEA1F /* FeedImagePresenterTests.swift */,
				8A1F77D72BAA109700E00831 /* FeedLocalizationTests.swift */,
			);
			path = "Feed Presentation";
			sourceTree = "<group>";
		};
		8AC9FD9C2BB445FB001BEA1F /* Feed Presentation */ = {
			isa = PBXGroup;
			children = (
				8AC9FD9D2BB44616001BEA1F /* FeedPresenter.swift */,
				8AC9FDA92BB463B3001BEA1F /* FeedImagePresenter.swift */,
				8AC9FDA22BB447C9001BEA1F /* FeedLoadingViewModel.swift */,
				8AC9FDA02BB446AB001BEA1F /* FeedViewModel.swift */,
				8AC9FDA42BB44B28001BEA1F /* FeedErrorViewModel.swift */,
				8AC9FD992BB441C1001BEA1F /* Feed.strings */,
				8AC9FDAB2BB4645C001BEA1F /* FeedImageViewModel.swift */,
			);
			path = "Feed Presentation";
			sourceTree = "<group>";
		};
		8ACCBF422B892C81000552D5 /* Infrastructure */ = {
			isa = PBXGroup;
			children = (
				8ACCBF442B892D0D000552D5 /* Codable */,
				8ACCBF432B892CC5000552D5 /* CoreData */,
			);
			path = Infrastructure;
			sourceTree = "<group>";
		};
		8ACCBF432B892CC5000552D5 /* CoreData */ = {
			isa = PBXGroup;
			children = (
				8A5BB3422B89232100408BA3 /* FeedStore.xcdatamodeld */,
				8A5BB3402B8921E600408BA3 /* CoreDataFeedStore.swift */,
				8ACCBF452B892DB0000552D5 /* CoreDataHelpers.swift */,
				8ACCBF472B892E20000552D5 /* ManagedCache.swift */,
				8ACCBF492B892E46000552D5 /* ManagedFeedImage.swift */,
				8A6C2D2B2BBD5A9E00C68131 /* CoreDataFeedStore+FeedImageDataLoader.swift */,
			);
			path = CoreData;
			sourceTree = "<group>";
		};
		8ACCBF442B892D0D000552D5 /* Codable */ = {
			isa = PBXGroup;
			children = (
				8AA773932B87B5D90095FE36 /* CodableFeedStore.swift */,
			);
			path = Codable;
			sourceTree = "<group>";
		};
		8ACCBF502B89F2AE000552D5 /* EssentialFeedCacheIntegrationTests */ = {
			isa = PBXGroup;
			children = (
				8ACCBF512B89F2AE000552D5 /* EssentialFeedCacheIntegrationTests.swift */,
			);
			path = EssentialFeedCacheIntegrationTests;
			sourceTree = "<group>";
		};
		FA38DEEC2B48565800F315D3 = {
			isa = PBXGroup;
			children = (
				8A65B8D72B8E47BB0049180C /* EssentialFeediOS.xctestplan */,
				FA38DEF82B48565800F315D3 /* EssentialFeed */,
				FA38DF022B48565800F315D3 /* EssentialFeedTests */,
				8A6A5CCF2B7A4E6200466F6D /* EssentialFeedAPIEndToEndTests */,
				8ACCBF502B89F2AE000552D5 /* EssentialFeedCacheIntegrationTests */,
				8A65B8C32B8E47730049180C /* EssentialFeediOS */,
				8A65B8CD2B8E47760049180C /* EssentialFeediOSTests */,
				FA38DEF72B48565800F315D3 /* Products */,
				8A65B8D82B8E4C0D0049180C /* Frameworks */,
			);
			sourceTree = "<group>";
		};
		FA38DEF72B48565800F315D3 /* Products */ = {
			isa = PBXGroup;
			children = (
				FA38DEF62B48565800F315D3 /* EssentialFeed.framework */,
				FA38DEFE2B48565800F315D3 /* EssentialFeedTests.xctest */,
				8A6A5CCE2B7A4E6200466F6D /* EssentialFeedAPIEndToEndTests.xctest */,
				8ACCBF4F2B89F2AE000552D5 /* EssentialFeedCacheIntegrationTests.xctest */,
				8A65B8C22B8E47730049180C /* EssentialFeediOS.framework */,
				8A65B8C92B8E47740049180C /* EssentialFeediOSTests.xctest */,
			);
			name = Products;
			sourceTree = "<group>";
		};
		FA38DEF82B48565800F315D3 /* EssentialFeed */ = {
			isa = PBXGroup;
			children = (
				8AC9FD9C2BB445FB001BEA1F /* Feed Presentation */,
				8AC063962B7F9E0900A347AD /* Feed Cache */,
				FA7BE29C2B5D4B75003EB946 /* Feed API */,
				FA38DF122B485C8400F315D3 /* Feed Feature */,
				FA38DEF92B48565800F315D3 /* EssentialFeed.h */,
			);
			path = EssentialFeed;
			sourceTree = "<group>";
		};
		FA38DF022B48565800F315D3 /* EssentialFeedTests */ = {
			isa = PBXGroup;
			children = (
				8AC9FD922BB34C06001BEA1F /* Feed Presentation */,
				8A30B2732B792DA400CFFC20 /* Helpers */,
				FA6F68EF2B5D8D680011C5BC /* Feed API */,
				8A8AE3E32B7A9FFD00A2F2DB /* Feed Cache */,
			);
			path = EssentialFeedTests;
			sourceTree = "<group>";
		};
		FA38DF122B485C8400F315D3 /* Feed Feature */ = {
			isa = PBXGroup;
			children = (
				FA38DF102B485C5000F315D3 /* FeedLoader.swift */,
				FA38DF0E2B485C0900F315D3 /* FeedImage.swift */,
				8A4E0EE82B98ED6A00A7A6BA /* FeedImageDataLoader.swift */,
			);
			path = "Feed Feature";
			sourceTree = "<group>";
		};
		FA6F68EF2B5D8D680011C5BC /* Feed API */ = {
			isa = PBXGroup;
			children = (
				FA38DF132B499BFB00F315D3 /* LoadFeedFromRemoteUseCaseTests.swift */,
				8A30B2712B79232400CFFC20 /* URLSessionHTTPClientTests.swift */,
				8AC9FDAE2BB46E5F001BEA1F /* RemoteFeedImageDataLoaderTests.swift */,
			);
			path = "Feed API";
			sourceTree = "<group>";
		};
		FA7BE29C2B5D4B75003EB946 /* Feed API */ = {
			isa = PBXGroup;
			children = (
				8A6C2D172BBC638100C68131 /* Helpers */,
				FA7BE29D2B5D4B95003EB946 /* RemoteFeedLoader.swift */,
				FA6F68EB2B5D8B6C0011C5BC /* HTTPClient.swift */,
				FA6F68ED2B5D8BDC0011C5BC /* FeedItemsMapper.swift */,
				8A6A5CBA2B7A44DF00466F6D /* URLSessionHTTPClient.swift */,
				8AC0639B2B7FA1A200A347AD /* RemoteFeedItem.swift */,
				8ADC83FC2BBC5F0000A039E4 /* LoadFeedImageDataFromRemoteUseCaseTests.swift */,
			);
			path = "Feed API";
			sourceTree = "<group>";
		};
/* End PBXGroup section */

/* Begin PBXHeadersBuildPhase section */
		8A65B8BD2B8E47730049180C /* Headers */ = {
			isa = PBXHeadersBuildPhase;
			buildActionMask = 2147483647;
			files = (
				8A65B8D02B8E47760049180C /* EssentialFeediOS.h in Headers */,
			);
			runOnlyForDeploymentPostprocessing = 0;
		};
		FA38DEF12B48565800F315D3 /* Headers */ = {
			isa = PBXHeadersBuildPhase;
			buildActionMask = 2147483647;
			files = (
				FA38DF052B48565800F315D3 /* EssentialFeed.h in Headers */,
			);
			runOnlyForDeploymentPostprocessing = 0;
		};
/* End PBXHeadersBuildPhase section */

/* Begin PBXNativeTarget section */
		8A65B8C12B8E47730049180C /* EssentialFeediOS */ = {
			isa = PBXNativeTarget;
			buildConfigurationList = 8A65B8D12B8E47760049180C /* Build configuration list for PBXNativeTarget "EssentialFeediOS" */;
			buildPhases = (
				8A65B8BD2B8E47730049180C /* Headers */,
				8A65B8BE2B8E47730049180C /* Sources */,
				8A65B8BF2B8E47730049180C /* Frameworks */,
				8A65B8C02B8E47730049180C /* Resources */,
				8A65B8DD2B8E4C0E0049180C /* Embed Frameworks */,
			);
			buildRules = (
			);
			dependencies = (
				8A65B8DC2B8E4C0E0049180C /* PBXTargetDependency */,
			);
			name = EssentialFeediOS;
			productName = EssentialFeediOS;
			productReference = 8A65B8C22B8E47730049180C /* EssentialFeediOS.framework */;
			productType = "com.apple.product-type.framework";
		};
		8A65B8C82B8E47740049180C /* EssentialFeediOSTests */ = {
			isa = PBXNativeTarget;
			buildConfigurationList = 8A65B8D42B8E47760049180C /* Build configuration list for PBXNativeTarget "EssentialFeediOSTests" */;
			buildPhases = (
				8A65B8C52B8E47740049180C /* Sources */,
				8A65B8C62B8E47740049180C /* Frameworks */,
				8A65B8C72B8E47740049180C /* Resources */,
			);
			buildRules = (
			);
			dependencies = (
				8A65B8CC2B8E47750049180C /* PBXTargetDependency */,
			);
			name = EssentialFeediOSTests;
			productName = EssentialFeediOSTests;
			productReference = 8A65B8C92B8E47740049180C /* EssentialFeediOSTests.xctest */;
			productType = "com.apple.product-type.bundle.unit-test";
		};
		8A6A5CCD2B7A4E6200466F6D /* EssentialFeedAPIEndToEndTests */ = {
			isa = PBXNativeTarget;
			buildConfigurationList = 8A6A5CD72B7A4E6200466F6D /* Build configuration list for PBXNativeTarget "EssentialFeedAPIEndToEndTests" */;
			buildPhases = (
				8A6A5CCA2B7A4E6200466F6D /* Sources */,
				8A6A5CCB2B7A4E6200466F6D /* Frameworks */,
				8A6A5CCC2B7A4E6200466F6D /* Resources */,
			);
			buildRules = (
			);
			dependencies = (
				8A6A5CD42B7A4E6200466F6D /* PBXTargetDependency */,
			);
			name = EssentialFeedAPIEndToEndTests;
			productName = EssentialFeedAPIEndToEndTests;
			productReference = 8A6A5CCE2B7A4E6200466F6D /* EssentialFeedAPIEndToEndTests.xctest */;
			productType = "com.apple.product-type.bundle.unit-test";
		};
		8ACCBF4E2B89F2AE000552D5 /* EssentialFeedCacheIntegrationTests */ = {
			isa = PBXNativeTarget;
			buildConfigurationList = 8ACCBF562B89F2AE000552D5 /* Build configuration list for PBXNativeTarget "EssentialFeedCacheIntegrationTests" */;
			buildPhases = (
				8ACCBF4B2B89F2AE000552D5 /* Sources */,
				8ACCBF4C2B89F2AE000552D5 /* Frameworks */,
				8ACCBF4D2B89F2AE000552D5 /* Resources */,
			);
			buildRules = (
			);
			dependencies = (
				8ACCBF552B89F2AE000552D5 /* PBXTargetDependency */,
			);
			name = EssentialFeedCacheIntegrationTests;
			productName = EssentialFeedCacheIntegrationTests;
			productReference = 8ACCBF4F2B89F2AE000552D5 /* EssentialFeedCacheIntegrationTests.xctest */;
			productType = "com.apple.product-type.bundle.unit-test";
		};
		FA38DEF52B48565800F315D3 /* EssentialFeed */ = {
			isa = PBXNativeTarget;
			buildConfigurationList = FA38DF082B48565800F315D3 /* Build configuration list for PBXNativeTarget "EssentialFeed" */;
			buildPhases = (
				FA38DEF12B48565800F315D3 /* Headers */,
				FA38DEF22B48565800F315D3 /* Sources */,
				FA38DEF32B48565800F315D3 /* Frameworks */,
				FA38DEF42B48565800F315D3 /* Resources */,
			);
			buildRules = (
			);
			dependencies = (
			);
			name = EssentialFeed;
			productName = EssentialFeed;
			productReference = FA38DEF62B48565800F315D3 /* EssentialFeed.framework */;
			productType = "com.apple.product-type.framework";
		};
		FA38DEFD2B48565800F315D3 /* EssentialFeedTests */ = {
			isa = PBXNativeTarget;
			buildConfigurationList = FA38DF0B2B48565800F315D3 /* Build configuration list for PBXNativeTarget "EssentialFeedTests" */;
			buildPhases = (
				FA38DEFA2B48565800F315D3 /* Sources */,
				FA38DEFB2B48565800F315D3 /* Frameworks */,
				FA38DEFC2B48565800F315D3 /* Resources */,
			);
			buildRules = (
			);
			dependencies = (
				FA38DF012B48565800F315D3 /* PBXTargetDependency */,
			);
			name = EssentialFeedTests;
			productName = EssentialFeedTests;
			productReference = FA38DEFE2B48565800F315D3 /* EssentialFeedTests.xctest */;
			productType = "com.apple.product-type.bundle.unit-test";
		};
/* End PBXNativeTarget section */

/* Begin PBXProject section */
		FA38DEED2B48565800F315D3 /* Project object */ = {
			isa = PBXProject;
			attributes = {
				BuildIndependentTargetsInParallel = 1;
				LastSwiftUpdateCheck = 1520;
				LastUpgradeCheck = 1500;
				TargetAttributes = {
					8A65B8C12B8E47730049180C = {
						CreatedOnToolsVersion = 15.2;
						LastSwiftMigration = 1520;
					};
					8A65B8C82B8E47740049180C = {
						CreatedOnToolsVersion = 15.2;
					};
					8A6A5CCD2B7A4E6200466F6D = {
						CreatedOnToolsVersion = 15.2;
					};
					8ACCBF4E2B89F2AE000552D5 = {
						CreatedOnToolsVersion = 15.2;
					};
					FA38DEF52B48565800F315D3 = {
						CreatedOnToolsVersion = 15.0.1;
						LastSwiftMigration = 1500;
					};
					FA38DEFD2B48565800F315D3 = {
						CreatedOnToolsVersion = 15.0.1;
						LastSwiftMigration = 1500;
					};
				};
			};
			buildConfigurationList = FA38DEF02B48565800F315D3 /* Build configuration list for PBXProject "EssentialFeed" */;
			compatibilityVersion = "Xcode 14.0";
			developmentRegion = en;
			hasScannedForEncodings = 0;
			knownRegions = (
				en,
				Base,
				"pt-BR",
				el,
			);
			mainGroup = FA38DEEC2B48565800F315D3;
			productRefGroup = FA38DEF72B48565800F315D3 /* Products */;
			projectDirPath = "";
			projectRoot = "";
			targets = (
				FA38DEF52B48565800F315D3 /* EssentialFeed */,
				FA38DEFD2B48565800F315D3 /* EssentialFeedTests */,
				8A6A5CCD2B7A4E6200466F6D /* EssentialFeedAPIEndToEndTests */,
				8ACCBF4E2B89F2AE000552D5 /* EssentialFeedCacheIntegrationTests */,
				8A65B8C12B8E47730049180C /* EssentialFeediOS */,
				8A65B8C82B8E47740049180C /* EssentialFeediOSTests */,
			);
		};
/* End PBXProject section */

/* Begin PBXResourcesBuildPhase section */
		8A65B8C02B8E47730049180C /* Resources */ = {
			isa = PBXResourcesBuildPhase;
			buildActionMask = 2147483647;
			files = (
				8A1F77C42BA9CF0600E00831 /* Feed.storyboard in Resources */,
			);
			runOnlyForDeploymentPostprocessing = 0;
		};
		8A65B8C72B8E47740049180C /* Resources */ = {
			isa = PBXResourcesBuildPhase;
			buildActionMask = 2147483647;
			files = (
			);
			runOnlyForDeploymentPostprocessing = 0;
		};
		8A6A5CCC2B7A4E6200466F6D /* Resources */ = {
			isa = PBXResourcesBuildPhase;
			buildActionMask = 2147483647;
			files = (
			);
			runOnlyForDeploymentPostprocessing = 0;
		};
		8ACCBF4D2B89F2AE000552D5 /* Resources */ = {
			isa = PBXResourcesBuildPhase;
			buildActionMask = 2147483647;
			files = (
			);
			runOnlyForDeploymentPostprocessing = 0;
		};
		FA38DEF42B48565800F315D3 /* Resources */ = {
			isa = PBXResourcesBuildPhase;
			buildActionMask = 2147483647;
			files = (
				8AC9FD9F2BB4463D001BEA1F /* Feed.strings in Resources */,
			);
			runOnlyForDeploymentPostprocessing = 0;
		};
		FA38DEFC2B48565800F315D3 /* Resources */ = {
			isa = PBXResourcesBuildPhase;
			buildActionMask = 2147483647;
			files = (
			);
			runOnlyForDeploymentPostprocessing = 0;
		};
/* End PBXResourcesBuildPhase section */

/* Begin PBXSourcesBuildPhase section */
		8A65B8BE2B8E47730049180C /* Sources */ = {
			isa = PBXSourcesBuildPhase;
			buildActionMask = 2147483647;
			files = (
				8AC9FD8C2BB33C15001BEA1F /* ErrorView.swift in Sources */,
				8A65B8E42B8E57B90049180C /* UIView+Shimmering.swift in Sources */,
				8A1F77C82BAA068F00E00831 /* UITableView+Dequeuing.swift in Sources */,
				8AC9FD912BB344B0001BEA1F /* UIRefreshControl+Helpers.swift in Sources */,
				8A14C5972BAC3F0B000DDBB1 /* FeedLoaderPresentationAdapter.swift in Sources */,
				8A14C5932BAC3E08000DDBB1 /* WeakRefVirtualProxy.swift in Sources */,
				8A1F77CA2BAA06D800E00831 /* UIImageView+Animations.swift in Sources */,
				8A14C5912BAC3D70000DDBB1 /* MainQueueDispatchDecorator.swift in Sources */,
				8A65B8E02B8E53050049180C /* FeedViewController.swift in Sources */,
				8A65B8E22B8E534D0049180C /* FeedImageCell.swift in Sources */,
				8A14C5952BAC3E7D000DDBB1 /* FeedImageDataLoaderPresentationAdapter.swift in Sources */,
				8A4E0EED2B98EEAD00A7A6BA /* FeedImageCellController.swift in Sources */,
				8A14C5992BAC3F89000DDBB1 /* FeedViewAdapter.swift in Sources */,
				8A4E0EF02B98EF9400A7A6BA /* FeedUIComposer.swift in Sources */,
			);
			runOnlyForDeploymentPostprocessing = 0;
		};
		8A65B8C52B8E47740049180C /* Sources */ = {
			isa = PBXSourcesBuildPhase;
			buildActionMask = 2147483647;
			files = (
				8A65B8CF2B8E47760049180C /* FeedUIIntegrationTests.swift in Sources */,
				8A4E0EE42B98E7F800A7A6BA /* FeedUIIntegrationTests+Assertions.swift in Sources */,
				8A4E0ED42B98C73300A7A6BA /* UIButton+TestHelpers.swift in Sources */,
				8A4E0ED22B98C6D100A7A6BA /* UIRefreshControl+TestHelpers.swift in Sources */,
				8A4E0ED62B98E44100A7A6BA /* UIControl+TestHelpers.swift in Sources */,
				8A4E0EE22B98E78200A7A6BA /* FeedUIIntegrationTests+LoaderSpy.swift in Sources */,
				8A4E0EDB2B98E62A00A7A6BA /* FeedViewController+TestHelpers.swift in Sources */,
				8A65B8DE2B8E4CF50049180C /* XCTestCase+MemoryLeakTracking.swift in Sources */,
				8A4E0ED02B98C5D200A7A6BA /* UIImage+TestHelpers.swift in Sources */,
				8A4E0EE02B98E6CE00A7A6BA /* FeedImageCell+TestHelpers.swift in Sources */,
				8A1F77D02BAA0C8F00E00831 /* FeedUIIntegrationTests+Localization.swift in Sources */,
			);
			runOnlyForDeploymentPostprocessing = 0;
		};
		8A6A5CCA2B7A4E6200466F6D /* Sources */ = {
			isa = PBXSourcesBuildPhase;
			buildActionMask = 2147483647;
			files = (
				8A6A5CD12B7A4E6200466F6D /* EssentialFeedAPIEndToEndTests.swift in Sources */,
				8A6A5CD82B7A50E100466F6D /* XCTestCase+MemoryLeakTracking.swift in Sources */,
			);
			runOnlyForDeploymentPostprocessing = 0;
		};
		8ACCBF4B2B89F2AE000552D5 /* Sources */ = {
			isa = PBXSourcesBuildPhase;
			buildActionMask = 2147483647;
			files = (
				8A34D3142B89FADE00A7F2AC /* SharedTestHelpers.swift in Sources */,
				8ACCBF522B89F2AE000552D5 /* EssentialFeedCacheIntegrationTests.swift in Sources */,
				8A34D3132B89FAD200A7F2AC /* FeedCacheTestHelpers.swift in Sources */,
				8A34D3122B89F9EC00A7F2AC /* XCTestCase+MemoryLeakTracking.swift in Sources */,
			);
			runOnlyForDeploymentPostprocessing = 0;
		};
		FA38DEF22B48565800F315D3 /* Sources */ = {
			isa = PBXSourcesBuildPhase;
			buildActionMask = 2147483647;
			files = (
				8AC9FDA12BB446AB001BEA1F /* FeedViewModel.swift in Sources */,
				8ACCBF462B892DB0000552D5 /* CoreDataHelpers.swift in Sources */,
				FA6F68EE2B5D8BDC0011C5BC /* FeedItemsMapper.swift in Sources */,
				8AC9FDA52BB44B28001BEA1F /* FeedErrorViewModel.swift in Sources */,
				FA38DF112B485C5000F315D3 /* FeedLoader.swift in Sources */,
				8A6C2D212BBC6AD600C68131 /* FeedImageDataStore.swift in Sources */,
				8AC0639C2B7FA1A200A347AD /* RemoteFeedItem.swift in Sources */,
				8AC9FDAA2BB463B3001BEA1F /* FeedImagePresenter.swift in Sources */,
				8AC9FD9E2BB44616001BEA1F /* FeedPresenter.swift in Sources */,
				8AE3A8622B86602000083789 /* FeedCachePolicy.swift in Sources */,
				8AC9FDA32BB447C9001BEA1F /* FeedLoadingViewModel.swift in Sources */,
				8A5BB3442B89232100408BA3 /* FeedStore.xcdatamodeld in Sources */,
				FA7BE29E2B5D4B95003EB946 /* RemoteFeedLoader.swift in Sources */,
				8AC9FDAD2BB46D78001BEA1F /* FeedImageDataLoader.swift in Sources */,
				8AC0639E2B7FA20100A347AD /* LocalFeedImage.swift in Sources */,
				8AC0639A2B7F9EB600A347AD /* FeedStore.swift in Sources */,
				8AC063982B7F9E2E00A347AD /* LocalFeedLoader.swift in Sources */,
				8A6C2D1F2BBC6AA100C68131 /* LocalFeedImageDataLoader.swift in Sources */,
				8A6C2D2C2BBD5A9E00C68131 /* CoreDataFeedStore+FeedImageDataLoader.swift in Sources */,
				8A6C2D192BBC639E00C68131 /* HTTPURLResponse+StatusCode.swift in Sources */,
				8AA773942B87B5D90095FE36 /* CodableFeedStore.swift in Sources */,
				FA6F68EC2B5D8B6C0011C5BC /* HTTPClient.swift in Sources */,
				FA38DF0F2B485C0900F315D3 /* FeedImage.swift in Sources */,
				8A6A5CBB2B7A44DF00466F6D /* URLSessionHTTPClient.swift in Sources */,
				8AC9FDAC2BB4645C001BEA1F /* FeedImageViewModel.swift in Sources */,
				8ADC83FD2BBC5F0000A039E4 /* LoadFeedImageDataFromRemoteUseCaseTests.swift in Sources */,
				8ACCBF482B892E20000552D5 /* ManagedCache.swift in Sources */,
				8A5BB3412B8921E600408BA3 /* CoreDataFeedStore.swift in Sources */,
				8ACCBF4A2B892E46000552D5 /* ManagedFeedImage.swift in Sources */,
			);
			runOnlyForDeploymentPostprocessing = 0;
		};
		FA38DEFA2B48565800F315D3 /* Sources */ = {
			isa = PBXSourcesBuildPhase;
			buildActionMask = 2147483647;
			files = (
				8AE3A8682B87AA3F00083789 /* CodableFeedStoreTests.swift in Sources */,
				8AAC06592B86540500D34273 /* ValidateFeedCacheUseCaseTests.swift in Sources */,
				8AC9FDA62BB44E22001BEA1F /* FeedLocalizationTests.swift in Sources */,
				8A6C2D1B2BBC643500C68131 /* URLProtocolStub.swift in Sources */,
				8AC9FDA82BB4527D001BEA1F /* FeedImagePresenterTests.swift in Sources */,
				FA38DF142B499BFB00F315D3 /* LoadFeedFromRemoteUseCaseTests.swift in Sources */,
				8A6C2D282BBC70B200C68131 /* CoreDataFeedImageDataStoreTests.swift in Sources */,
				8A6C2D262BBC6E5A00C68131 /* CacheFeedImageDataUseCaseTests.swift in Sources */,
				8A30B2722B79232400CFFC20 /* URLSessionHTTPClientTests.swift in Sources */,
				8ABBB6772B827A07001B9D39 /* FeedStoreSpy.swift in Sources */,
				8A5BB33C2B891F2900408BA3 /* XCtestCase+FailableDeleteFeedStoreSpecs.swift in Sources */,
				8AC9FD942BB34C64001BEA1F /* FeedPresenterTests.swift in Sources */,
				8AAC065E2B86566500D34273 /* FeedCacheTestHelpers.swift in Sources */,
				8AC9FDAF2BB46E5F001BEA1F /* RemoteFeedImageDataLoaderTests.swift in Sources */,
				8AAC065B2B8655EB00D34273 /* SharedTestHelpers.swift in Sources */,
				8A5BB33A2B891DD600408BA3 /* XCTestCase+FailableInsertFeedStoreSpecs.swift in Sources */,
				8A8AE3E52B7AA02100A2F2DB /* CacheFeedUseCaseTests.swift in Sources */,
				8A5BB3382B891D5F00408BA3 /* XCTestCase+FailableRetrieveFeedStoreSpecs.swift in Sources */,
				8A6C2D242BBC6DD900C68131 /* FeedImageDataStoreSpy.swift in Sources */,
				8ABBB6752B827942001B9D39 /* LoadFeedFromCacheUseCaseTests.swift in Sources */,
				8A6C2D1D2BBC675300C68131 /* LoadFeedImageDataFromCacheUseCaseTests.swift in Sources */,
				8A5BB3342B891AAA00408BA3 /* FeedStoreSpecs.swift in Sources */,
				8A30B2752B792DD700CFFC20 /* XCTestCase+MemoryLeakTracking.swift in Sources */,
				8A5BB33F2B89213000408BA3 /* CoreDataFeedStoreTests.swift in Sources */,
				8ADC83FB2BBC5E6F00A039E4 /* HTTPClientSpy.swift in Sources */,
				8A5BB3362B891B6300408BA3 /* XCTestCase+FeedStoreSpecs.swift in Sources */,
			);
			runOnlyForDeploymentPostprocessing = 0;
		};
/* End PBXSourcesBuildPhase section */

/* Begin PBXTargetDependency section */
		8A65B8CC2B8E47750049180C /* PBXTargetDependency */ = {
			isa = PBXTargetDependency;
			target = 8A65B8C12B8E47730049180C /* EssentialFeediOS */;
			targetProxy = 8A65B8CB2B8E47750049180C /* PBXContainerItemProxy */;
		};
		8A65B8DC2B8E4C0E0049180C /* PBXTargetDependency */ = {
			isa = PBXTargetDependency;
			platformFilter = ios;
			target = FA38DEF52B48565800F315D3 /* EssentialFeed */;
			targetProxy = 8A65B8DB2B8E4C0E0049180C /* PBXContainerItemProxy */;
		};
		8A6A5CD42B7A4E6200466F6D /* PBXTargetDependency */ = {
			isa = PBXTargetDependency;
			target = FA38DEF52B48565800F315D3 /* EssentialFeed */;
			targetProxy = 8A6A5CD32B7A4E6200466F6D /* PBXContainerItemProxy */;
		};
		8ACCBF552B89F2AE000552D5 /* PBXTargetDependency */ = {
			isa = PBXTargetDependency;
			target = FA38DEF52B48565800F315D3 /* EssentialFeed */;
			targetProxy = 8ACCBF542B89F2AE000552D5 /* PBXContainerItemProxy */;
		};
		FA38DF012B48565800F315D3 /* PBXTargetDependency */ = {
			isa = PBXTargetDependency;
			target = FA38DEF52B48565800F315D3 /* EssentialFeed */;
			targetProxy = FA38DF002B48565800F315D3 /* PBXContainerItemProxy */;
		};
/* End PBXTargetDependency section */

/* Begin PBXVariantGroup section */
		8AC9FD992BB441C1001BEA1F /* Feed.strings */ = {
			isa = PBXVariantGroup;
			children = (
				8AC9FD982BB441C1001BEA1F /* en */,
				8AC9FD9A2BB441C4001BEA1F /* el */,
				8AC9FD9B2BB441C6001BEA1F /* pt-BR */,
			);
			name = Feed.strings;
			sourceTree = "<group>";
		};
/* End PBXVariantGroup section */

/* Begin XCBuildConfiguration section */
		8A65B8D22B8E47760049180C /* Debug */ = {
			isa = XCBuildConfiguration;
			buildSettings = {
				CLANG_ENABLE_MODULES = YES;
				CODE_SIGN_STYLE = Automatic;
				CURRENT_PROJECT_VERSION = 1;
				DEFINES_MODULE = YES;
				DEVELOPMENT_TEAM = A4HM6Z46PX;
				DYLIB_COMPATIBILITY_VERSION = 1;
				DYLIB_CURRENT_VERSION = 1;
				DYLIB_INSTALL_NAME_BASE = "@rpath";
				ENABLE_MODULE_VERIFIER = YES;
				GENERATE_INFOPLIST_FILE = YES;
				INFOPLIST_KEY_NSHumanReadableCopyright = "";
				INSTALL_PATH = "$(LOCAL_LIBRARY_DIR)/Frameworks";
				IPHONEOS_DEPLOYMENT_TARGET = 12.0;
				LD_RUNPATH_SEARCH_PATHS = (
					"$(inherited)",
					"@executable_path/Frameworks",
					"@loader_path/Frameworks",
				);
				MARKETING_VERSION = 1.0;
				MODULE_VERIFIER_SUPPORTED_LANGUAGES = "objective-c objective-c++";
				MODULE_VERIFIER_SUPPORTED_LANGUAGE_STANDARDS = "gnu17 gnu++20";
				PRODUCT_BUNDLE_IDENTIFIER = sapranavicius.vytautas.com.EssentialFeediOS;
				PRODUCT_NAME = "$(TARGET_NAME:c99extidentifier)";
				SDKROOT = iphoneos;
				SKIP_INSTALL = YES;
				SWIFT_EMIT_LOC_STRINGS = YES;
				SWIFT_OPTIMIZATION_LEVEL = "-Onone";
				SWIFT_VERSION = 5.0;
				TARGETED_DEVICE_FAMILY = "1,2";
			};
			name = Debug;
		};
		8A65B8D32B8E47760049180C /* Release */ = {
			isa = XCBuildConfiguration;
			buildSettings = {
				CLANG_ENABLE_MODULES = YES;
				CODE_SIGN_STYLE = Automatic;
				CURRENT_PROJECT_VERSION = 1;
				DEFINES_MODULE = YES;
				DEVELOPMENT_TEAM = A4HM6Z46PX;
				DYLIB_COMPATIBILITY_VERSION = 1;
				DYLIB_CURRENT_VERSION = 1;
				DYLIB_INSTALL_NAME_BASE = "@rpath";
				ENABLE_MODULE_VERIFIER = YES;
				GENERATE_INFOPLIST_FILE = YES;
				INFOPLIST_KEY_NSHumanReadableCopyright = "";
				INSTALL_PATH = "$(LOCAL_LIBRARY_DIR)/Frameworks";
				IPHONEOS_DEPLOYMENT_TARGET = 12.0;
				LD_RUNPATH_SEARCH_PATHS = (
					"$(inherited)",
					"@executable_path/Frameworks",
					"@loader_path/Frameworks",
				);
				MARKETING_VERSION = 1.0;
				MODULE_VERIFIER_SUPPORTED_LANGUAGES = "objective-c objective-c++";
				MODULE_VERIFIER_SUPPORTED_LANGUAGE_STANDARDS = "gnu17 gnu++20";
				PRODUCT_BUNDLE_IDENTIFIER = sapranavicius.vytautas.com.EssentialFeediOS;
				PRODUCT_NAME = "$(TARGET_NAME:c99extidentifier)";
				SDKROOT = iphoneos;
				SKIP_INSTALL = YES;
				SWIFT_EMIT_LOC_STRINGS = YES;
				SWIFT_VERSION = 5.0;
				TARGETED_DEVICE_FAMILY = "1,2";
				VALIDATE_PRODUCT = YES;
			};
			name = Release;
		};
		8A65B8D52B8E47760049180C /* Debug */ = {
			isa = XCBuildConfiguration;
			buildSettings = {
				ALWAYS_EMBED_SWIFT_STANDARD_LIBRARIES = YES;
				CODE_SIGN_STYLE = Automatic;
				CURRENT_PROJECT_VERSION = 1;
				DEVELOPMENT_TEAM = A4HM6Z46PX;
				GENERATE_INFOPLIST_FILE = YES;
				IPHONEOS_DEPLOYMENT_TARGET = 12.0;
				MARKETING_VERSION = 1.0;
				PRODUCT_BUNDLE_IDENTIFIER = sapranavicius.vytautas.com.EssentialFeediOSTests;
				PRODUCT_NAME = "$(TARGET_NAME)";
				SDKROOT = iphoneos;
				SWIFT_EMIT_LOC_STRINGS = NO;
				SWIFT_VERSION = 5.0;
				TARGETED_DEVICE_FAMILY = "1,2";
			};
			name = Debug;
		};
		8A65B8D62B8E47760049180C /* Release */ = {
			isa = XCBuildConfiguration;
			buildSettings = {
				ALWAYS_EMBED_SWIFT_STANDARD_LIBRARIES = YES;
				CODE_SIGN_STYLE = Automatic;
				CURRENT_PROJECT_VERSION = 1;
				DEVELOPMENT_TEAM = A4HM6Z46PX;
				GENERATE_INFOPLIST_FILE = YES;
				IPHONEOS_DEPLOYMENT_TARGET = 12.0;
				MARKETING_VERSION = 1.0;
				PRODUCT_BUNDLE_IDENTIFIER = sapranavicius.vytautas.com.EssentialFeediOSTests;
				PRODUCT_NAME = "$(TARGET_NAME)";
				SDKROOT = iphoneos;
				SWIFT_EMIT_LOC_STRINGS = NO;
				SWIFT_VERSION = 5.0;
				TARGETED_DEVICE_FAMILY = "1,2";
				VALIDATE_PRODUCT = YES;
			};
			name = Release;
		};
		8A6A5CD52B7A4E6200466F6D /* Debug */ = {
			isa = XCBuildConfiguration;
			buildSettings = {
				CODE_SIGN_STYLE = Automatic;
				CURRENT_PROJECT_VERSION = 1;
				DEVELOPMENT_TEAM = A4HM6Z46PX;
				GENERATE_INFOPLIST_FILE = YES;
				MACOSX_DEPLOYMENT_TARGET = 14.2;
				MARKETING_VERSION = 1.0;
				PRODUCT_BUNDLE_IDENTIFIER = sapranavicius.vytautas.com.EssentialFeedAPIEndToEndTests;
				PRODUCT_NAME = "$(TARGET_NAME)";
				SUPPORTED_PLATFORMS = "macosx iphonesimulator iphoneos";
				SWIFT_EMIT_LOC_STRINGS = NO;
				SWIFT_VERSION = 5.0;
			};
			name = Debug;
		};
		8A6A5CD62B7A4E6200466F6D /* Release */ = {
			isa = XCBuildConfiguration;
			buildSettings = {
				CODE_SIGN_STYLE = Automatic;
				CURRENT_PROJECT_VERSION = 1;
				DEVELOPMENT_TEAM = A4HM6Z46PX;
				GENERATE_INFOPLIST_FILE = YES;
				MACOSX_DEPLOYMENT_TARGET = 14.2;
				MARKETING_VERSION = 1.0;
				PRODUCT_BUNDLE_IDENTIFIER = sapranavicius.vytautas.com.EssentialFeedAPIEndToEndTests;
				PRODUCT_NAME = "$(TARGET_NAME)";
				SUPPORTED_PLATFORMS = "macosx iphonesimulator iphoneos";
				SWIFT_EMIT_LOC_STRINGS = NO;
				SWIFT_VERSION = 5.0;
			};
			name = Release;
		};
		8ACCBF572B89F2AE000552D5 /* Debug */ = {
			isa = XCBuildConfiguration;
			buildSettings = {
				CODE_SIGN_STYLE = Automatic;
				CURRENT_PROJECT_VERSION = 1;
				DEVELOPMENT_TEAM = A4HM6Z46PX;
				GENERATE_INFOPLIST_FILE = YES;
				MACOSX_DEPLOYMENT_TARGET = 14.2;
				MARKETING_VERSION = 1.0;
				PRODUCT_BUNDLE_IDENTIFIER = sapranavicius.vytautas.com.EssentialFeedCacheIntegrationTests;
				PRODUCT_NAME = "$(TARGET_NAME)";
				SUPPORTED_PLATFORMS = "macosx iphonesimulator iphoneos";
				SWIFT_EMIT_LOC_STRINGS = NO;
				SWIFT_VERSION = 5.0;
			};
			name = Debug;
		};
		8ACCBF582B89F2AE000552D5 /* Release */ = {
			isa = XCBuildConfiguration;
			buildSettings = {
				CODE_SIGN_STYLE = Automatic;
				CURRENT_PROJECT_VERSION = 1;
				DEVELOPMENT_TEAM = A4HM6Z46PX;
				GENERATE_INFOPLIST_FILE = YES;
				MACOSX_DEPLOYMENT_TARGET = 14.2;
				MARKETING_VERSION = 1.0;
				PRODUCT_BUNDLE_IDENTIFIER = sapranavicius.vytautas.com.EssentialFeedCacheIntegrationTests;
				PRODUCT_NAME = "$(TARGET_NAME)";
				SUPPORTED_PLATFORMS = "macosx iphonesimulator iphoneos";
				SWIFT_EMIT_LOC_STRINGS = NO;
				SWIFT_VERSION = 5.0;
			};
			name = Release;
		};
		FA38DF062B48565800F315D3 /* Debug */ = {
			isa = XCBuildConfiguration;
			buildSettings = {
				ALWAYS_SEARCH_USER_PATHS = NO;
				ASSETCATALOG_COMPILER_GENERATE_SWIFT_ASSET_SYMBOL_EXTENSIONS = YES;
				CLANG_ANALYZER_LOCALIZABILITY_NONLOCALIZED = YES;
				CLANG_ANALYZER_NONNULL = YES;
				CLANG_ANALYZER_NUMBER_OBJECT_CONVERSION = YES_AGGRESSIVE;
				CLANG_CXX_LANGUAGE_STANDARD = "gnu++20";
				CLANG_ENABLE_MODULES = YES;
				CLANG_ENABLE_OBJC_ARC = YES;
				CLANG_ENABLE_OBJC_WEAK = YES;
				CLANG_WARN_BLOCK_CAPTURE_AUTORELEASING = YES;
				CLANG_WARN_BOOL_CONVERSION = YES;
				CLANG_WARN_COMMA = YES;
				CLANG_WARN_CONSTANT_CONVERSION = YES;
				CLANG_WARN_DEPRECATED_OBJC_IMPLEMENTATIONS = YES;
				CLANG_WARN_DIRECT_OBJC_ISA_USAGE = YES_ERROR;
				CLANG_WARN_DOCUMENTATION_COMMENTS = YES;
				CLANG_WARN_EMPTY_BODY = YES;
				CLANG_WARN_ENUM_CONVERSION = YES;
				CLANG_WARN_INFINITE_RECURSION = YES;
				CLANG_WARN_INT_CONVERSION = YES;
				CLANG_WARN_NON_LITERAL_NULL_CONVERSION = YES;
				CLANG_WARN_OBJC_IMPLICIT_RETAIN_SELF = YES;
				CLANG_WARN_OBJC_LITERAL_CONVERSION = YES;
				CLANG_WARN_OBJC_ROOT_CLASS = YES_ERROR;
				CLANG_WARN_QUOTED_INCLUDE_IN_FRAMEWORK_HEADER = YES;
				CLANG_WARN_RANGE_LOOP_ANALYSIS = YES;
				CLANG_WARN_STRICT_PROTOTYPES = YES;
				CLANG_WARN_SUSPICIOUS_MOVE = YES;
				CLANG_WARN_UNGUARDED_AVAILABILITY = YES_AGGRESSIVE;
				CLANG_WARN_UNREACHABLE_CODE = YES;
				CLANG_WARN__DUPLICATE_METHOD_MATCH = YES;
				COPY_PHASE_STRIP = NO;
				CURRENT_PROJECT_VERSION = 1;
				DEBUG_INFORMATION_FORMAT = dwarf;
				ENABLE_STRICT_OBJC_MSGSEND = YES;
				ENABLE_TESTABILITY = YES;
				ENABLE_USER_SCRIPT_SANDBOXING = YES;
				GCC_C_LANGUAGE_STANDARD = gnu17;
				GCC_DYNAMIC_NO_PIC = NO;
				GCC_NO_COMMON_BLOCKS = YES;
				GCC_OPTIMIZATION_LEVEL = 0;
				GCC_PREPROCESSOR_DEFINITIONS = (
					"DEBUG=1",
					"$(inherited)",
				);
				GCC_WARN_64_TO_32_BIT_CONVERSION = YES;
				GCC_WARN_ABOUT_RETURN_TYPE = YES_ERROR;
				GCC_WARN_UNDECLARED_SELECTOR = YES;
				GCC_WARN_UNINITIALIZED_AUTOS = YES_AGGRESSIVE;
				GCC_WARN_UNUSED_FUNCTION = YES;
				GCC_WARN_UNUSED_VARIABLE = YES;
				IPHONEOS_DEPLOYMENT_TARGET = 12.0;
				LOCALIZATION_PREFERS_STRING_CATALOGS = YES;
				MACOSX_DEPLOYMENT_TARGET = 14.0;
				MTL_ENABLE_DEBUG_INFO = INCLUDE_SOURCE;
				MTL_FAST_MATH = YES;
				ONLY_ACTIVE_ARCH = YES;
				SDKROOT = macosx;
				SWIFT_ACTIVE_COMPILATION_CONDITIONS = "DEBUG $(inherited)";
				SWIFT_OPTIMIZATION_LEVEL = "-Onone";
				VERSIONING_SYSTEM = "apple-generic";
				VERSION_INFO_PREFIX = "";
			};
			name = Debug;
		};
		FA38DF072B48565800F315D3 /* Release */ = {
			isa = XCBuildConfiguration;
			buildSettings = {
				ALWAYS_SEARCH_USER_PATHS = NO;
				ASSETCATALOG_COMPILER_GENERATE_SWIFT_ASSET_SYMBOL_EXTENSIONS = YES;
				CLANG_ANALYZER_LOCALIZABILITY_NONLOCALIZED = YES;
				CLANG_ANALYZER_NONNULL = YES;
				CLANG_ANALYZER_NUMBER_OBJECT_CONVERSION = YES_AGGRESSIVE;
				CLANG_CXX_LANGUAGE_STANDARD = "gnu++20";
				CLANG_ENABLE_MODULES = YES;
				CLANG_ENABLE_OBJC_ARC = YES;
				CLANG_ENABLE_OBJC_WEAK = YES;
				CLANG_WARN_BLOCK_CAPTURE_AUTORELEASING = YES;
				CLANG_WARN_BOOL_CONVERSION = YES;
				CLANG_WARN_COMMA = YES;
				CLANG_WARN_CONSTANT_CONVERSION = YES;
				CLANG_WARN_DEPRECATED_OBJC_IMPLEMENTATIONS = YES;
				CLANG_WARN_DIRECT_OBJC_ISA_USAGE = YES_ERROR;
				CLANG_WARN_DOCUMENTATION_COMMENTS = YES;
				CLANG_WARN_EMPTY_BODY = YES;
				CLANG_WARN_ENUM_CONVERSION = YES;
				CLANG_WARN_INFINITE_RECURSION = YES;
				CLANG_WARN_INT_CONVERSION = YES;
				CLANG_WARN_NON_LITERAL_NULL_CONVERSION = YES;
				CLANG_WARN_OBJC_IMPLICIT_RETAIN_SELF = YES;
				CLANG_WARN_OBJC_LITERAL_CONVERSION = YES;
				CLANG_WARN_OBJC_ROOT_CLASS = YES_ERROR;
				CLANG_WARN_QUOTED_INCLUDE_IN_FRAMEWORK_HEADER = YES;
				CLANG_WARN_RANGE_LOOP_ANALYSIS = YES;
				CLANG_WARN_STRICT_PROTOTYPES = YES;
				CLANG_WARN_SUSPICIOUS_MOVE = YES;
				CLANG_WARN_UNGUARDED_AVAILABILITY = YES_AGGRESSIVE;
				CLANG_WARN_UNREACHABLE_CODE = YES;
				CLANG_WARN__DUPLICATE_METHOD_MATCH = YES;
				COPY_PHASE_STRIP = NO;
				CURRENT_PROJECT_VERSION = 1;
				DEBUG_INFORMATION_FORMAT = "dwarf-with-dsym";
				ENABLE_NS_ASSERTIONS = NO;
				ENABLE_STRICT_OBJC_MSGSEND = YES;
				ENABLE_USER_SCRIPT_SANDBOXING = YES;
				GCC_C_LANGUAGE_STANDARD = gnu17;
				GCC_NO_COMMON_BLOCKS = YES;
				GCC_WARN_64_TO_32_BIT_CONVERSION = YES;
				GCC_WARN_ABOUT_RETURN_TYPE = YES_ERROR;
				GCC_WARN_UNDECLARED_SELECTOR = YES;
				GCC_WARN_UNINITIALIZED_AUTOS = YES_AGGRESSIVE;
				GCC_WARN_UNUSED_FUNCTION = YES;
				GCC_WARN_UNUSED_VARIABLE = YES;
				IPHONEOS_DEPLOYMENT_TARGET = 12.0;
				LOCALIZATION_PREFERS_STRING_CATALOGS = YES;
				MACOSX_DEPLOYMENT_TARGET = 14.0;
				MTL_ENABLE_DEBUG_INFO = NO;
				MTL_FAST_MATH = YES;
				SDKROOT = macosx;
				SWIFT_COMPILATION_MODE = wholemodule;
				VERSIONING_SYSTEM = "apple-generic";
				VERSION_INFO_PREFIX = "";
			};
			name = Release;
		};
		FA38DF092B48565800F315D3 /* Debug */ = {
			isa = XCBuildConfiguration;
			buildSettings = {
				CLANG_ENABLE_MODULES = YES;
				CODE_SIGN_STYLE = Automatic;
				COMBINE_HIDPI_IMAGES = YES;
				CURRENT_PROJECT_VERSION = 1;
				DEFINES_MODULE = YES;
				DEVELOPMENT_TEAM = A4HM6Z46PX;
				DYLIB_COMPATIBILITY_VERSION = 1;
				DYLIB_CURRENT_VERSION = 1;
				DYLIB_INSTALL_NAME_BASE = "@rpath";
				ENABLE_MODULE_VERIFIER = YES;
				GENERATE_INFOPLIST_FILE = YES;
				INFOPLIST_KEY_NSHumanReadableCopyright = "";
				INSTALL_PATH = "$(LOCAL_LIBRARY_DIR)/Frameworks";
				LD_RUNPATH_SEARCH_PATHS = (
					"$(inherited)",
					"@executable_path/../Frameworks",
					"@loader_path/Frameworks",
				);
				MARKETING_VERSION = 1.0;
				MODULE_VERIFIER_SUPPORTED_LANGUAGES = "objective-c objective-c++";
				MODULE_VERIFIER_SUPPORTED_LANGUAGE_STANDARDS = "gnu17 gnu++20";
				PRODUCT_BUNDLE_IDENTIFIER = com.sapranavicius.vytautas.EssentialFeed;
				PRODUCT_NAME = "$(TARGET_NAME:c99extidentifier)";
				SKIP_INSTALL = YES;
				SUPPORTED_PLATFORMS = "macosx iphonesimulator iphoneos";
				SWIFT_EMIT_LOC_STRINGS = YES;
				SWIFT_OPTIMIZATION_LEVEL = "-Onone";
				SWIFT_VERSION = 5.0;
			};
			name = Debug;
		};
		FA38DF0A2B48565800F315D3 /* Release */ = {
			isa = XCBuildConfiguration;
			buildSettings = {
				CLANG_ENABLE_MODULES = YES;
				CODE_SIGN_STYLE = Automatic;
				COMBINE_HIDPI_IMAGES = YES;
				CURRENT_PROJECT_VERSION = 1;
				DEFINES_MODULE = YES;
				DEVELOPMENT_TEAM = A4HM6Z46PX;
				DYLIB_COMPATIBILITY_VERSION = 1;
				DYLIB_CURRENT_VERSION = 1;
				DYLIB_INSTALL_NAME_BASE = "@rpath";
				ENABLE_MODULE_VERIFIER = YES;
				GENERATE_INFOPLIST_FILE = YES;
				INFOPLIST_KEY_NSHumanReadableCopyright = "";
				INSTALL_PATH = "$(LOCAL_LIBRARY_DIR)/Frameworks";
				LD_RUNPATH_SEARCH_PATHS = (
					"$(inherited)",
					"@executable_path/../Frameworks",
					"@loader_path/Frameworks",
				);
				MARKETING_VERSION = 1.0;
				MODULE_VERIFIER_SUPPORTED_LANGUAGES = "objective-c objective-c++";
				MODULE_VERIFIER_SUPPORTED_LANGUAGE_STANDARDS = "gnu17 gnu++20";
				PRODUCT_BUNDLE_IDENTIFIER = com.sapranavicius.vytautas.EssentialFeed;
				PRODUCT_NAME = "$(TARGET_NAME:c99extidentifier)";
				SKIP_INSTALL = YES;
				SUPPORTED_PLATFORMS = "macosx iphonesimulator iphoneos";
				SWIFT_EMIT_LOC_STRINGS = YES;
				SWIFT_VERSION = 5.0;
			};
			name = Release;
		};
		FA38DF0C2B48565800F315D3 /* Debug */ = {
			isa = XCBuildConfiguration;
			buildSettings = {
				ALWAYS_EMBED_SWIFT_STANDARD_LIBRARIES = YES;
				CLANG_ENABLE_MODULES = YES;
				CODE_SIGN_STYLE = Automatic;
				CURRENT_PROJECT_VERSION = 1;
				DEVELOPMENT_TEAM = A4HM6Z46PX;
				GENERATE_INFOPLIST_FILE = YES;
				MARKETING_VERSION = 1.0;
				PRODUCT_BUNDLE_IDENTIFIER = com.sapranavicius.vytautas.EssentialFeedTests;
				PRODUCT_NAME = "$(TARGET_NAME)";
				SUPPORTED_PLATFORMS = "macosx iphoneos iphonesimulator";
				SWIFT_EMIT_LOC_STRINGS = NO;
				SWIFT_OPTIMIZATION_LEVEL = "-Onone";
				SWIFT_VERSION = 5.0;
			};
			name = Debug;
		};
		FA38DF0D2B48565800F315D3 /* Release */ = {
			isa = XCBuildConfiguration;
			buildSettings = {
				ALWAYS_EMBED_SWIFT_STANDARD_LIBRARIES = YES;
				CLANG_ENABLE_MODULES = YES;
				CODE_SIGN_STYLE = Automatic;
				CURRENT_PROJECT_VERSION = 1;
				DEVELOPMENT_TEAM = A4HM6Z46PX;
				GENERATE_INFOPLIST_FILE = YES;
				MARKETING_VERSION = 1.0;
				PRODUCT_BUNDLE_IDENTIFIER = com.sapranavicius.vytautas.EssentialFeedTests;
				PRODUCT_NAME = "$(TARGET_NAME)";
				SUPPORTED_PLATFORMS = "macosx iphoneos iphonesimulator";
				SWIFT_EMIT_LOC_STRINGS = NO;
				SWIFT_VERSION = 5.0;
			};
			name = Release;
		};
/* End XCBuildConfiguration section */

/* Begin XCConfigurationList section */
		8A65B8D12B8E47760049180C /* Build configuration list for PBXNativeTarget "EssentialFeediOS" */ = {
			isa = XCConfigurationList;
			buildConfigurations = (
				8A65B8D22B8E47760049180C /* Debug */,
				8A65B8D32B8E47760049180C /* Release */,
			);
			defaultConfigurationIsVisible = 0;
			defaultConfigurationName = Release;
		};
		8A65B8D42B8E47760049180C /* Build configuration list for PBXNativeTarget "EssentialFeediOSTests" */ = {
			isa = XCConfigurationList;
			buildConfigurations = (
				8A65B8D52B8E47760049180C /* Debug */,
				8A65B8D62B8E47760049180C /* Release */,
			);
			defaultConfigurationIsVisible = 0;
			defaultConfigurationName = Release;
		};
		8A6A5CD72B7A4E6200466F6D /* Build configuration list for PBXNativeTarget "EssentialFeedAPIEndToEndTests" */ = {
			isa = XCConfigurationList;
			buildConfigurations = (
				8A6A5CD52B7A4E6200466F6D /* Debug */,
				8A6A5CD62B7A4E6200466F6D /* Release */,
			);
			defaultConfigurationIsVisible = 0;
			defaultConfigurationName = Release;
		};
		8ACCBF562B89F2AE000552D5 /* Build configuration list for PBXNativeTarget "EssentialFeedCacheIntegrationTests" */ = {
			isa = XCConfigurationList;
			buildConfigurations = (
				8ACCBF572B89F2AE000552D5 /* Debug */,
				8ACCBF582B89F2AE000552D5 /* Release */,
			);
			defaultConfigurationIsVisible = 0;
			defaultConfigurationName = Release;
		};
		FA38DEF02B48565800F315D3 /* Build configuration list for PBXProject "EssentialFeed" */ = {
			isa = XCConfigurationList;
			buildConfigurations = (
				FA38DF062B48565800F315D3 /* Debug */,
				FA38DF072B48565800F315D3 /* Release */,
			);
			defaultConfigurationIsVisible = 0;
			defaultConfigurationName = Release;
		};
		FA38DF082B48565800F315D3 /* Build configuration list for PBXNativeTarget "EssentialFeed" */ = {
			isa = XCConfigurationList;
			buildConfigurations = (
				FA38DF092B48565800F315D3 /* Debug */,
				FA38DF0A2B48565800F315D3 /* Release */,
			);
			defaultConfigurationIsVisible = 0;
			defaultConfigurationName = Release;
		};
		FA38DF0B2B48565800F315D3 /* Build configuration list for PBXNativeTarget "EssentialFeedTests" */ = {
			isa = XCConfigurationList;
			buildConfigurations = (
				FA38DF0C2B48565800F315D3 /* Debug */,
				FA38DF0D2B48565800F315D3 /* Release */,
			);
			defaultConfigurationIsVisible = 0;
			defaultConfigurationName = Release;
		};
/* End XCConfigurationList section */

/* Begin XCVersionGroup section */
		8A5BB3422B89232100408BA3 /* FeedStore.xcdatamodeld */ = {
			isa = XCVersionGroup;
			children = (
				8A6C2D2A2BBD595500C68131 /* FeedStore2.xcdatamodel */,
				8A5BB3432B89232100408BA3 /* EssentialFeedModel.xcdatamodel */,
			);
			currentVersion = 8A6C2D2A2BBD595500C68131 /* FeedStore2.xcdatamodel */;
			path = FeedStore.xcdatamodeld;
			sourceTree = "<group>";
			versionGroupType = wrapper.xcdatamodel;
		};
/* End XCVersionGroup section */
	};
	rootObject = FA38DEED2B48565800F315D3 /* Project object */;
}
