// !$*UTF8*$!
{
	archiveVersion = 1;
	classes = {
	};
	objectVersion = 56;
	objects = {

/* Begin PBXBuildFile section */
		8A75B7F22BBEC7C6002564D7 /* EssentialFeed.framework in Frameworks */ = {isa = PBXBuildFile; fileRef = 8A75B7F02BBEC7C6002564D7 /* EssentialFeed.framework */; };
		8A75B7F32BBEC7C6002564D7 /* EssentialFeed.framework in Embed Frameworks */ = {isa = PBXBuildFile; fileRef = 8A75B7F02BBEC7C6002564D7 /* EssentialFeed.framework */; settings = {ATTRIBUTES = (CodeSignOnCopy, RemoveHeadersOnCopy, ); }; };
		8A75B7F42BBEC7C6002564D7 /* EssentialFeediOS.framework in Frameworks */ = {isa = PBXBuildFile; fileRef = 8A75B7F12BBEC7C6002564D7 /* EssentialFeediOS.framework */; };
		8A75B7F52BBEC7C6002564D7 /* EssentialFeediOS.framework in Embed Frameworks */ = {isa = PBXBuildFile; fileRef = 8A75B7F12BBEC7C6002564D7 /* EssentialFeediOS.framework */; settings = {ATTRIBUTES = (CodeSignOnCopy, RemoveHeadersOnCopy, ); }; };
		8A75B8052BC00463002564D7 /* FeedLoaderWithFallbackCompositeTests.swift in Sources */ = {isa = PBXBuildFile; fileRef = 8A75B8042BC00463002564D7 /* FeedLoaderWithFallbackCompositeTests.swift */; };
		8A75B8072BC00E8B002564D7 /* FeedLoaderWithFallbackComposite.swift in Sources */ = {isa = PBXBuildFile; fileRef = 8A75B8062BC00E8B002564D7 /* FeedLoaderWithFallbackComposite.swift */; };
		8A75B8092BC00EF7002564D7 /* FeedImageDataLoaderWithFallbackCompositeTests.swift in Sources */ = {isa = PBXBuildFile; fileRef = 8A75B8082BC00EF7002564D7 /* FeedImageDataLoaderWithFallbackCompositeTests.swift */; };
		8A75B80B2BC0129D002564D7 /* FeedImageDataLoaderWithFallbackComposite.swift in Sources */ = {isa = PBXBuildFile; fileRef = 8A75B80A2BC0129D002564D7 /* FeedImageDataLoaderWithFallbackComposite.swift */; };
		8A75B80E2BC0134A002564D7 /* XCTestCase+MemoryLeakTracking.swift in Sources */ = {isa = PBXBuildFile; fileRef = 8A75B80D2BC0134A002564D7 /* XCTestCase+MemoryLeakTracking.swift */; };
		8A75B8102BC013B3002564D7 /* SharedTestHelpers.swift.swift in Sources */ = {isa = PBXBuildFile; fileRef = 8A75B80F2BC013B3002564D7 /* SharedTestHelpers.swift.swift */; };
		8A75B8122BC0305E002564D7 /* FeedLoaderCacheDecoratorTests.swift in Sources */ = {isa = PBXBuildFile; fileRef = 8A75B8112BC0305E002564D7 /* FeedLoaderCacheDecoratorTests.swift */; };
		8A75B8142BC03C74002564D7 /* FeedLoaderStub.swift in Sources */ = {isa = PBXBuildFile; fileRef = 8A75B8132BC03C74002564D7 /* FeedLoaderStub.swift */; };
		8A75B8162BC03DB9002564D7 /* XCTestCase+FeedLoader.swift in Sources */ = {isa = PBXBuildFile; fileRef = 8A75B8152BC03DB9002564D7 /* XCTestCase+FeedLoader.swift */; };
		8A75B81A2BC048BE002564D7 /* FeedLoaderCacheDecorator.swift in Sources */ = {isa = PBXBuildFile; fileRef = 8A75B8192BC048BE002564D7 /* FeedLoaderCacheDecorator.swift */; };
		8A75B81C2BC049AE002564D7 /* FeedImageDataLoaderCacheDecoratorTests.swift in Sources */ = {isa = PBXBuildFile; fileRef = 8A75B81B2BC049AE002564D7 /* FeedImageDataLoaderCacheDecoratorTests.swift */; };
		8A75B81E2BC04A71002564D7 /* FeedImageDataLoaderSpy.swift in Sources */ = {isa = PBXBuildFile; fileRef = 8A75B81D2BC04A71002564D7 /* FeedImageDataLoaderSpy.swift */; };
		8A75B8202BC04F74002564D7 /* XCTestCase+FeedImageDataLoader.swift in Sources */ = {isa = PBXBuildFile; fileRef = 8A75B81F2BC04F74002564D7 /* XCTestCase+FeedImageDataLoader.swift */; };
		8A75B8242BC051DD002564D7 /* FeedImageDataLoaderCacheDecorator.swift in Sources */ = {isa = PBXBuildFile; fileRef = 8A75B8232BC051DD002564D7 /* FeedImageDataLoaderCacheDecorator.swift */; };
		8A86B9A72BBEB7B400B3435B /* AppDelegate.swift in Sources */ = {isa = PBXBuildFile; fileRef = 8A86B9A62BBEB7B400B3435B /* AppDelegate.swift */; };
		8A86B9A92BBEB7B400B3435B /* SceneDelegate.swift in Sources */ = {isa = PBXBuildFile; fileRef = 8A86B9A82BBEB7B400B3435B /* SceneDelegate.swift */; };
		8A86B9AB2BBEB7B400B3435B /* ViewController.swift in Sources */ = {isa = PBXBuildFile; fileRef = 8A86B9AA2BBEB7B400B3435B /* ViewController.swift */; };
		8A86B9AE2BBEB7B400B3435B /* Main.storyboard in Resources */ = {isa = PBXBuildFile; fileRef = 8A86B9AC2BBEB7B400B3435B /* Main.storyboard */; };
		8A86B9B02BBEB7B800B3435B /* Assets.xcassets in Resources */ = {isa = PBXBuildFile; fileRef = 8A86B9AF2BBEB7B800B3435B /* Assets.xcassets */; };
		8A86B9B32BBEB7B800B3435B /* LaunchScreen.storyboard in Resources */ = {isa = PBXBuildFile; fileRef = 8A86B9B12BBEB7B800B3435B /* LaunchScreen.storyboard */; };
		8A8C69A02BC4765A00D97B97 /* SceneDelegateTests.swift in Sources */ = {isa = PBXBuildFile; fileRef = 8A8C699F2BC4765A00D97B97 /* SceneDelegateTests.swift */; };
		8A8C69A72BC4786E00D97B97 /* FeedImageDataLoaderPresentationAdapter.swift in Sources */ = {isa = PBXBuildFile; fileRef = 8A8C69A22BC4786C00D97B97 /* FeedImageDataLoaderPresentationAdapter.swift */; };
		8A8C69A82BC4786E00D97B97 /* FeedViewAdapter.swift in Sources */ = {isa = PBXBuildFile; fileRef = 8A8C69A52BC4786D00D97B97 /* FeedViewAdapter.swift */; };
		8A8C69A92BC4786E00D97B97 /* FeedLoaderPresentationAdapter.swift in Sources */ = {isa = PBXBuildFile; fileRef = 8A8C69A12BC4786C00D97B97 /* FeedLoaderPresentationAdapter.swift */; };
		8A8C69AA2BC4786E00D97B97 /* MainQueueDispatchDecorator.swift in Sources */ = {isa = PBXBuildFile; fileRef = 8A8C69A42BC4786D00D97B97 /* MainQueueDispatchDecorator.swift */; };
		8A8C69AB2BC4786E00D97B97 /* FeedUIComposer.swift in Sources */ = {isa = PBXBuildFile; fileRef = 8A8C69A32BC4786D00D97B97 /* FeedUIComposer.swift */; };
		8A8C69AC2BC4786E00D97B97 /* WeakRefVirtualProxy.swift in Sources */ = {isa = PBXBuildFile; fileRef = 8A8C69A62BC4786D00D97B97 /* WeakRefVirtualProxy.swift */; };
		8A8C69B62BC478E700D97B97 /* UIControl+TestHelpers.swift in Sources */ = {isa = PBXBuildFile; fileRef = 8A8C69B52BC478E600D97B97 /* UIControl+TestHelpers.swift */; };
		8A8C69B72BC478E700D97B97 /* FeedUIIntegrationTests+LoaderSpy.swift in Sources */ = {isa = PBXBuildFile; fileRef = 8A8C69AE2BC478E500D97B97 /* FeedUIIntegrationTests+LoaderSpy.swift */; };
		8A8C69B82BC478E700D97B97 /* FeedUIIntegrationTests.swift in Sources */ = {isa = PBXBuildFile; fileRef = 8A8C69B42BC478E600D97B97 /* FeedUIIntegrationTests.swift */; };
		8A8C69B92BC478E700D97B97 /* FeedViewController+TestHelpers.swift in Sources */ = {isa = PBXBuildFile; fileRef = 8A8C69B12BC478E600D97B97 /* FeedViewController+TestHelpers.swift */; };
		8A8C69BA2BC478E700D97B97 /* UIImage+TestHelpers.swift in Sources */ = {isa = PBXBuildFile; fileRef = 8A8C69B32BC478E600D97B97 /* UIImage+TestHelpers.swift */; };
		8A8C69BB2BC478E700D97B97 /* UIButton+TestHelpers.swift in Sources */ = {isa = PBXBuildFile; fileRef = 8A8C69B02BC478E500D97B97 /* UIButton+TestHelpers.swift */; };
		8A8C69BC2BC478E700D97B97 /* FeedUIIntegrationTests+Localization.swift in Sources */ = {isa = PBXBuildFile; fileRef = 8A8C69AF2BC478E500D97B97 /* FeedUIIntegrationTests+Localization.swift */; };
		8A8C69BD2BC478E700D97B97 /* FeedUIIntegrationTests+Assertions.swift in Sources */ = {isa = PBXBuildFile; fileRef = 8A8C69B22BC478E600D97B97 /* FeedUIIntegrationTests+Assertions.swift */; };
		8A8C69BE2BC478E700D97B97 /* FeedImageCell+TestHelpers.swift in Sources */ = {isa = PBXBuildFile; fileRef = 8A8C69AD2BC478E500D97B97 /* FeedImageCell+TestHelpers.swift */; };
		8A8C69C02BC47D4300D97B97 /* UIRefreshControl+TestHelpers.swift in Sources */ = {isa = PBXBuildFile; fileRef = 8A8C69BF2BC47D4200D97B97 /* UIRefreshControl+TestHelpers.swift */; };
		8A8C69C42BC47F9100D97B97 /* FeedUIIntegrationTests.swift in Sources */ = {isa = PBXBuildFile; fileRef = 8A8C69C32BC47F9100D97B97 /* FeedUIIntegrationTests.swift */; };
		8A8C69C62BC4841500D97B97 /* FeedAcceptanceTests.swift in Sources */ = {isa = PBXBuildFile; fileRef = 8A8C69C52BC4841500D97B97 /* FeedAcceptanceTests.swift */; };
		8ABA8FCF2BC46DA7006D1FEA /* DebuggingSceneDelegate.swift in Sources */ = {isa = PBXBuildFile; fileRef = 8ABA8FCE2BC46DA7006D1FEA /* DebuggingSceneDelegate.swift */; };
		8AE3A4322BC4655F005AC60E /* EssentialAppUIAcceptanceTests.swift in Sources */ = {isa = PBXBuildFile; fileRef = 8AE3A4312BC4655F005AC60E /* EssentialAppUIAcceptanceTests.swift */; };
/* End PBXBuildFile section */

/* Begin PBXContainerItemProxy section */
		8A75B7FF2BBFFE79002564D7 /* PBXContainerItemProxy */ = {
			isa = PBXContainerItemProxy;
			containerPortal = 8A86B99B2BBEB7B400B3435B /* Project object */;
			proxyType = 1;
			remoteGlobalIDString = 8A86B9A22BBEB7B400B3435B;
			remoteInfo = SeniorStudyApp;
		};
		8AE3A42C2BC462D5005AC60E /* PBXContainerItemProxy */ = {
			isa = PBXContainerItemProxy;
			containerPortal = 8A86B99B2BBEB7B400B3435B /* Project object */;
			proxyType = 1;
			remoteGlobalIDString = 8A86B9A22BBEB7B400B3435B;
			remoteInfo = SeniorStudyApp;
		};
/* End PBXContainerItemProxy section */

/* Begin PBXCopyFilesBuildPhase section */
		8A75B7F62BBEC7C6002564D7 /* Embed Frameworks */ = {
			isa = PBXCopyFilesBuildPhase;
			buildActionMask = 2147483647;
			dstPath = "";
			dstSubfolderSpec = 10;
			files = (
				8A75B7F32BBEC7C6002564D7 /* EssentialFeed.framework in Embed Frameworks */,
				8A75B7F52BBEC7C6002564D7 /* EssentialFeediOS.framework in Embed Frameworks */,
			);
			name = "Embed Frameworks";
			runOnlyForDeploymentPostprocessing = 0;
		};
/* End PBXCopyFilesBuildPhase section */

/* Begin PBXFileReference section */
		8A75B7F02BBEC7C6002564D7 /* EssentialFeed.framework */ = {isa = PBXFileReference; explicitFileType = wrapper.framework; path = EssentialFeed.framework; sourceTree = BUILT_PRODUCTS_DIR; };
		8A75B7F12BBEC7C6002564D7 /* EssentialFeediOS.framework */ = {isa = PBXFileReference; explicitFileType = wrapper.framework; path = EssentialFeediOS.framework; sourceTree = BUILT_PRODUCTS_DIR; };
		8A75B7FB2BBFFE79002564D7 /* SeniorStudyAppTests.xctest */ = {isa = PBXFileReference; explicitFileType = wrapper.cfbundle; includeInIndex = 0; path = SeniorStudyAppTests.xctest; sourceTree = BUILT_PRODUCTS_DIR; };
		8A75B8042BC00463002564D7 /* FeedLoaderWithFallbackCompositeTests.swift */ = {isa = PBXFileReference; lastKnownFileType = sourcecode.swift; path = FeedLoaderWithFallbackCompositeTests.swift; sourceTree = "<group>"; };
		8A75B8062BC00E8B002564D7 /* FeedLoaderWithFallbackComposite.swift */ = {isa = PBXFileReference; lastKnownFileType = sourcecode.swift; path = FeedLoaderWithFallbackComposite.swift; sourceTree = "<group>"; };
		8A75B8082BC00EF7002564D7 /* FeedImageDataLoaderWithFallbackCompositeTests.swift */ = {isa = PBXFileReference; lastKnownFileType = sourcecode.swift; path = FeedImageDataLoaderWithFallbackCompositeTests.swift; sourceTree = "<group>"; };
		8A75B80A2BC0129D002564D7 /* FeedImageDataLoaderWithFallbackComposite.swift */ = {isa = PBXFileReference; lastKnownFileType = sourcecode.swift; path = FeedImageDataLoaderWithFallbackComposite.swift; sourceTree = "<group>"; };
		8A75B80D2BC0134A002564D7 /* XCTestCase+MemoryLeakTracking.swift */ = {isa = PBXFileReference; lastKnownFileType = sourcecode.swift; path = "XCTestCase+MemoryLeakTracking.swift"; sourceTree = "<group>"; };
		8A75B80F2BC013B3002564D7 /* SharedTestHelpers.swift.swift */ = {isa = PBXFileReference; lastKnownFileType = sourcecode.swift; path = SharedTestHelpers.swift.swift; sourceTree = "<group>"; };
		8A75B8112BC0305E002564D7 /* FeedLoaderCacheDecoratorTests.swift */ = {isa = PBXFileReference; lastKnownFileType = sourcecode.swift; path = FeedLoaderCacheDecoratorTests.swift; sourceTree = "<group>"; };
		8A75B8132BC03C74002564D7 /* FeedLoaderStub.swift */ = {isa = PBXFileReference; lastKnownFileType = sourcecode.swift; path = FeedLoaderStub.swift; sourceTree = "<group>"; };
		8A75B8152BC03DB9002564D7 /* XCTestCase+FeedLoader.swift */ = {isa = PBXFileReference; lastKnownFileType = sourcecode.swift; path = "XCTestCase+FeedLoader.swift"; sourceTree = "<group>"; };
		8A75B8192BC048BE002564D7 /* FeedLoaderCacheDecorator.swift */ = {isa = PBXFileReference; lastKnownFileType = sourcecode.swift; path = FeedLoaderCacheDecorator.swift; sourceTree = "<group>"; };
		8A75B81B2BC049AE002564D7 /* FeedImageDataLoaderCacheDecoratorTests.swift */ = {isa = PBXFileReference; lastKnownFileType = sourcecode.swift; path = FeedImageDataLoaderCacheDecoratorTests.swift; sourceTree = "<group>"; };
		8A75B81D2BC04A71002564D7 /* FeedImageDataLoaderSpy.swift */ = {isa = PBXFileReference; lastKnownFileType = sourcecode.swift; path = FeedImageDataLoaderSpy.swift; sourceTree = "<group>"; };
		8A75B81F2BC04F74002564D7 /* XCTestCase+FeedImageDataLoader.swift */ = {isa = PBXFileReference; lastKnownFileType = sourcecode.swift; path = "XCTestCase+FeedImageDataLoader.swift"; sourceTree = "<group>"; };
		8A75B8232BC051DD002564D7 /* FeedImageDataLoaderCacheDecorator.swift */ = {isa = PBXFileReference; lastKnownFileType = sourcecode.swift; path = FeedImageDataLoaderCacheDecorator.swift; sourceTree = "<group>"; };
		8A86B9A32BBEB7B400B3435B /* SeniorStudyApp.app */ = {isa = PBXFileReference; explicitFileType = wrapper.application; includeInIndex = 0; path = SeniorStudyApp.app; sourceTree = BUILT_PRODUCTS_DIR; };
		8A86B9A62BBEB7B400B3435B /* AppDelegate.swift */ = {isa = PBXFileReference; lastKnownFileType = sourcecode.swift; path = AppDelegate.swift; sourceTree = "<group>"; };
		8A86B9A82BBEB7B400B3435B /* SceneDelegate.swift */ = {isa = PBXFileReference; lastKnownFileType = sourcecode.swift; path = SceneDelegate.swift; sourceTree = "<group>"; };
		8A86B9AA2BBEB7B400B3435B /* ViewController.swift */ = {isa = PBXFileReference; lastKnownFileType = sourcecode.swift; path = ViewController.swift; sourceTree = "<group>"; };
		8A86B9AD2BBEB7B400B3435B /* Base */ = {isa = PBXFileReference; lastKnownFileType = file.storyboard; name = Base; path = Base.lproj/Main.storyboard; sourceTree = "<group>"; };
		8A86B9AF2BBEB7B800B3435B /* Assets.xcassets */ = {isa = PBXFileReference; lastKnownFileType = folder.assetcatalog; path = Assets.xcassets; sourceTree = "<group>"; };
		8A86B9B22BBEB7B800B3435B /* Base */ = {isa = PBXFileReference; lastKnownFileType = file.storyboard; name = Base; path = Base.lproj/LaunchScreen.storyboard; sourceTree = "<group>"; };
		8A86B9B42BBEB7B800B3435B /* Info.plist */ = {isa = PBXFileReference; lastKnownFileType = text.plist.xml; path = Info.plist; sourceTree = "<group>"; };
		8A8C699F2BC4765A00D97B97 /* SceneDelegateTests.swift */ = {isa = PBXFileReference; lastKnownFileType = sourcecode.swift; path = SceneDelegateTests.swift; sourceTree = "<group>"; };
		8A8C69A12BC4786C00D97B97 /* FeedLoaderPresentationAdapter.swift */ = {isa = PBXFileReference; lastKnownFileType = sourcecode.swift; path = FeedLoaderPresentationAdapter.swift; sourceTree = "<group>"; };
		8A8C69A22BC4786C00D97B97 /* FeedImageDataLoaderPresentationAdapter.swift */ = {isa = PBXFileReference; lastKnownFileType = sourcecode.swift; path = FeedImageDataLoaderPresentationAdapter.swift; sourceTree = "<group>"; };
		8A8C69A32BC4786D00D97B97 /* FeedUIComposer.swift */ = {isa = PBXFileReference; lastKnownFileType = sourcecode.swift; path = FeedUIComposer.swift; sourceTree = "<group>"; };
		8A8C69A42BC4786D00D97B97 /* MainQueueDispatchDecorator.swift */ = {isa = PBXFileReference; lastKnownFileType = sourcecode.swift; path = MainQueueDispatchDecorator.swift; sourceTree = "<group>"; };
		8A8C69A52BC4786D00D97B97 /* FeedViewAdapter.swift */ = {isa = PBXFileReference; lastKnownFileType = sourcecode.swift; path = FeedViewAdapter.swift; sourceTree = "<group>"; };
		8A8C69A62BC4786D00D97B97 /* WeakRefVirtualProxy.swift */ = {isa = PBXFileReference; lastKnownFileType = sourcecode.swift; path = WeakRefVirtualProxy.swift; sourceTree = "<group>"; };
		8A8C69AD2BC478E500D97B97 /* FeedImageCell+TestHelpers.swift */ = {isa = PBXFileReference; lastKnownFileType = sourcecode.swift; path = "FeedImageCell+TestHelpers.swift"; sourceTree = "<group>"; };
		8A8C69AE2BC478E500D97B97 /* FeedUIIntegrationTests+LoaderSpy.swift */ = {isa = PBXFileReference; lastKnownFileType = sourcecode.swift; path = "FeedUIIntegrationTests+LoaderSpy.swift"; sourceTree = "<group>"; };
		8A8C69AF2BC478E500D97B97 /* FeedUIIntegrationTests+Localization.swift */ = {isa = PBXFileReference; lastKnownFileType = sourcecode.swift; path = "FeedUIIntegrationTests+Localization.swift"; sourceTree = "<group>"; };
		8A8C69B02BC478E500D97B97 /* UIButton+TestHelpers.swift */ = {isa = PBXFileReference; lastKnownFileType = sourcecode.swift; path = "UIButton+TestHelpers.swift"; sourceTree = "<group>"; };
		8A8C69B12BC478E600D97B97 /* FeedViewController+TestHelpers.swift */ = {isa = PBXFileReference; lastKnownFileType = sourcecode.swift; path = "FeedViewController+TestHelpers.swift"; sourceTree = "<group>"; };
		8A8C69B22BC478E600D97B97 /* FeedUIIntegrationTests+Assertions.swift */ = {isa = PBXFileReference; lastKnownFileType = sourcecode.swift; path = "FeedUIIntegrationTests+Assertions.swift"; sourceTree = "<group>"; };
		8A8C69B32BC478E600D97B97 /* UIImage+TestHelpers.swift */ = {isa = PBXFileReference; lastKnownFileType = sourcecode.swift; path = "UIImage+TestHelpers.swift"; sourceTree = "<group>"; };
		8A8C69B42BC478E600D97B97 /* FeedUIIntegrationTests.swift */ = {isa = PBXFileReference; lastKnownFileType = sourcecode.swift; path = FeedUIIntegrationTests.swift; sourceTree = "<group>"; };
		8A8C69B52BC478E600D97B97 /* UIControl+TestHelpers.swift */ = {isa = PBXFileReference; lastKnownFileType = sourcecode.swift; path = "UIControl+TestHelpers.swift"; sourceTree = "<group>"; };
		8A8C69BF2BC47D4200D97B97 /* UIRefreshControl+TestHelpers.swift */ = {isa = PBXFileReference; lastKnownFileType = sourcecode.swift; path = "UIRefreshControl+TestHelpers.swift"; sourceTree = "<group>"; };
		8A8C69C32BC47F9100D97B97 /* FeedUIIntegrationTests.swift */ = {isa = PBXFileReference; fileEncoding = 4; lastKnownFileType = sourcecode.swift; path = FeedUIIntegrationTests.swift; sourceTree = "<group>"; };
		8A8C69C52BC4841500D97B97 /* FeedAcceptanceTests.swift */ = {isa = PBXFileReference; lastKnownFileType = sourcecode.swift; path = FeedAcceptanceTests.swift; sourceTree = "<group>"; };
		8ABA8FCE2BC46DA7006D1FEA /* DebuggingSceneDelegate.swift */ = {isa = PBXFileReference; lastKnownFileType = sourcecode.swift; path = DebuggingSceneDelegate.swift; sourceTree = "<group>"; };
		8AE3A4262BC462D5005AC60E /* SeniorStudyAppUITests.xctest */ = {isa = PBXFileReference; explicitFileType = wrapper.cfbundle; includeInIndex = 0; path = SeniorStudyAppUITests.xctest; sourceTree = BUILT_PRODUCTS_DIR; };
		8AE3A4312BC4655F005AC60E /* EssentialAppUIAcceptanceTests.swift */ = {isa = PBXFileReference; lastKnownFileType = sourcecode.swift; path = EssentialAppUIAcceptanceTests.swift; sourceTree = "<group>"; };
/* End PBXFileReference section */

/* Begin PBXFrameworksBuildPhase section */
		8A75B7F82BBFFE79002564D7 /* Frameworks */ = {
			isa = PBXFrameworksBuildPhase;
			buildActionMask = 2147483647;
			files = (
			);
			runOnlyForDeploymentPostprocessing = 0;
		};
		8A86B9A02BBEB7B400B3435B /* Frameworks */ = {
			isa = PBXFrameworksBuildPhase;
			buildActionMask = 2147483647;
			files = (
				8A75B7F22BBEC7C6002564D7 /* EssentialFeed.framework in Frameworks */,
				8A75B7F42BBEC7C6002564D7 /* EssentialFeediOS.framework in Frameworks */,
			);
			runOnlyForDeploymentPostprocessing = 0;
		};
		8AE3A4232BC462D5005AC60E /* Frameworks */ = {
			isa = PBXFrameworksBuildPhase;
			buildActionMask = 2147483647;
			files = (
			);
			runOnlyForDeploymentPostprocessing = 0;
		};
/* End PBXFrameworksBuildPhase section */

/* Begin PBXGroup section */
		8A75B7EF2BBEC7C6002564D7 /* Frameworks */ = {
			isa = PBXGroup;
			children = (
				8A75B7F02BBEC7C6002564D7 /* EssentialFeed.framework */,
				8A75B7F12BBEC7C6002564D7 /* EssentialFeediOS.framework */,
			);
			name = Frameworks;
			sourceTree = "<group>";
		};
		8A75B7FC2BBFFE79002564D7 /* SeniorStudyAppTests */ = {
			isa = PBXGroup;
			children = (
				8A75B80C2BC01339002564D7 /* Helpers */,
				8A75B8042BC00463002564D7 /* FeedLoaderWithFallbackCompositeTests.swift */,
				8A8C69B42BC478E600D97B97 /* FeedUIIntegrationTests.swift */,
				8A75B8082BC00EF7002564D7 /* FeedImageDataLoaderWithFallbackCompositeTests.swift */,
				8A75B8112BC0305E002564D7 /* FeedLoaderCacheDecoratorTests.swift */,
				8A8C69C32BC47F9100D97B97 /* FeedUIIntegrationTests.swift */,
				8A75B81B2BC049AE002564D7 /* FeedImageDataLoaderCacheDecoratorTests.swift */,
				8A8C699F2BC4765A00D97B97 /* SceneDelegateTests.swift */,
				8A8C69C52BC4841500D97B97 /* FeedAcceptanceTests.swift */,
			);
			path = SeniorStudyAppTests;
			sourceTree = "<group>";
		};
		8A75B80C2BC01339002564D7 /* Helpers */ = {
			isa = PBXGroup;
			children = (
				8A8C69AD2BC478E500D97B97 /* FeedImageCell+TestHelpers.swift */,
				8A8C69B22BC478E600D97B97 /* FeedUIIntegrationTests+Assertions.swift */,
				8A8C69AE2BC478E500D97B97 /* FeedUIIntegrationTests+LoaderSpy.swift */,
				8A8C69AF2BC478E500D97B97 /* FeedUIIntegrationTests+Localization.swift */,
				8A8C69B12BC478E600D97B97 /* FeedViewController+TestHelpers.swift */,
				8A8C69B32BC478E600D97B97 /* UIImage+TestHelpers.swift */,
				8A8C69B02BC478E500D97B97 /* UIButton+TestHelpers.swift */,
				8A8C69B52BC478E600D97B97 /* UIControl+TestHelpers.swift */,
				8A8C69BF2BC47D4200D97B97 /* UIRefreshControl+TestHelpers.swift */,
				8A75B80D2BC0134A002564D7 /* XCTestCase+MemoryLeakTracking.swift */,
				8A75B80F2BC013B3002564D7 /* SharedTestHelpers.swift.swift */,
				8A75B8132BC03C74002564D7 /* FeedLoaderStub.swift */,
				8A75B8152BC03DB9002564D7 /* XCTestCase+FeedLoader.swift */,
				8A75B81D2BC04A71002564D7 /* FeedImageDataLoaderSpy.swift */,
				8A75B81F2BC04F74002564D7 /* XCTestCase+FeedImageDataLoader.swift */,
			);
			path = Helpers;
			sourceTree = "<group>";
		};
		8A86B99A2BBEB7B400B3435B = {
			isa = PBXGroup;
			children = (
				8A86B9A52BBEB7B400B3435B /* SeniorStudyApp */,
				8A75B7FC2BBFFE79002564D7 /* SeniorStudyAppTests */,
				8AE3A4272BC462D5005AC60E /* SeniorStudyAppUITests */,
				8A86B9A42BBEB7B400B3435B /* Products */,
				8A75B7EF2BBEC7C6002564D7 /* Frameworks */,
			);
			sourceTree = "<group>";
		};
		8A86B9A42BBEB7B400B3435B /* Products */ = {
			isa = PBXGroup;
			children = (
				8A86B9A32BBEB7B400B3435B /* SeniorStudyApp.app */,
				8A75B7FB2BBFFE79002564D7 /* SeniorStudyAppTests.xctest */,
				8AE3A4262BC462D5005AC60E /* SeniorStudyAppUITests.xctest */,
			);
			name = Products;
			sourceTree = "<group>";
		};
		8A86B9A52BBEB7B400B3435B /* SeniorStudyApp */ = {
			isa = PBXGroup;
			children = (
				8A86B9A62BBEB7B400B3435B /* AppDelegate.swift */,
				8ABA8FCE2BC46DA7006D1FEA /* DebuggingSceneDelegate.swift */,
				8A86B9A82BBEB7B400B3435B /* SceneDelegate.swift */,
				8A8C69A32BC4786D00D97B97 /* FeedUIComposer.swift */,
				8A8C69A52BC4786D00D97B97 /* FeedViewAdapter.swift */,
				8A8C69A42BC4786D00D97B97 /* MainQueueDispatchDecorator.swift */,
				8A8C69A62BC4786D00D97B97 /* WeakRefVirtualProxy.swift */,
				8A8C69A22BC4786C00D97B97 /* FeedImageDataLoaderPresentationAdapter.swift */,
				8A8C69A12BC4786C00D97B97 /* FeedLoaderPresentationAdapter.swift */,
				8A86B9AA2BBEB7B400B3435B /* ViewController.swift */,
				8A86B9AC2BBEB7B400B3435B /* Main.storyboard */,
				8A86B9AF2BBEB7B800B3435B /* Assets.xcassets */,
				8A86B9B12BBEB7B800B3435B /* LaunchScreen.storyboard */,
				8A86B9B42BBEB7B800B3435B /* Info.plist */,
				8A75B8062BC00E8B002564D7 /* FeedLoaderWithFallbackComposite.swift */,
				8A75B80A2BC0129D002564D7 /* FeedImageDataLoaderWithFallbackComposite.swift */,
				8A75B8192BC048BE002564D7 /* FeedLoaderCacheDecorator.swift */,
				8A75B8232BC051DD002564D7 /* FeedImageDataLoaderCacheDecorator.swift */,
			);
			path = SeniorStudyApp;
			sourceTree = "<group>";
		};
		8AE3A4272BC462D5005AC60E /* SeniorStudyAppUITests */ = {
			isa = PBXGroup;
			children = (
				8AE3A4312BC4655F005AC60E /* EssentialAppUIAcceptanceTests.swift */,
			);
			path = SeniorStudyAppUITests;
			sourceTree = "<group>";
		};
/* End PBXGroup section */

/* Begin PBXNativeTarget section */
		8A75B7FA2BBFFE79002564D7 /* SeniorStudyAppTests */ = {
			isa = PBXNativeTarget;
			buildConfigurationList = 8A75B8012BBFFE79002564D7 /* Build configuration list for PBXNativeTarget "SeniorStudyAppTests" */;
			buildPhases = (
				8A75B7F72BBFFE79002564D7 /* Sources */,
				8A75B7F82BBFFE79002564D7 /* Frameworks */,
				8A75B7F92BBFFE79002564D7 /* Resources */,
			);
			buildRules = (
			);
			dependencies = (
				8A75B8002BBFFE79002564D7 /* PBXTargetDependency */,
			);
			name = SeniorStudyAppTests;
			productName = SeniorStudyAppTests;
			productReference = 8A75B7FB2BBFFE79002564D7 /* SeniorStudyAppTests.xctest */;
			productType = "com.apple.product-type.bundle.unit-test";
		};
		8A86B9A22BBEB7B400B3435B /* SeniorStudyApp */ = {
			isa = PBXNativeTarget;
			buildConfigurationList = 8A86B9B72BBEB7B800B3435B /* Build configuration list for PBXNativeTarget "SeniorStudyApp" */;
			buildPhases = (
				8A86B99F2BBEB7B400B3435B /* Sources */,
				8A86B9A02BBEB7B400B3435B /* Frameworks */,
				8A86B9A12BBEB7B400B3435B /* Resources */,
				8A75B7F62BBEC7C6002564D7 /* Embed Frameworks */,
			);
			buildRules = (
			);
			dependencies = (
			);
			name = SeniorStudyApp;
			productName = SeniorStudyApp;
			productReference = 8A86B9A32BBEB7B400B3435B /* SeniorStudyApp.app */;
			productType = "com.apple.product-type.application";
		};
		8AE3A4252BC462D5005AC60E /* SeniorStudyAppUITests */ = {
			isa = PBXNativeTarget;
			buildConfigurationList = 8AE3A4302BC462D5005AC60E /* Build configuration list for PBXNativeTarget "SeniorStudyAppUITests" */;
			buildPhases = (
				8AE3A4222BC462D5005AC60E /* Sources */,
				8AE3A4232BC462D5005AC60E /* Frameworks */,
				8AE3A4242BC462D5005AC60E /* Resources */,
			);
			buildRules = (
			);
			dependencies = (
				8AE3A42D2BC462D5005AC60E /* PBXTargetDependency */,
			);
			name = SeniorStudyAppUITests;
			productName = SeniorStudyAppUITests;
			productReference = 8AE3A4262BC462D5005AC60E /* SeniorStudyAppUITests.xctest */;
			productType = "com.apple.product-type.bundle.ui-testing";
		};
/* End PBXNativeTarget section */

/* Begin PBXProject section */
		8A86B99B2BBEB7B400B3435B /* Project object */ = {
			isa = PBXProject;
			attributes = {
				BuildIndependentTargetsInParallel = 1;
				LastSwiftUpdateCheck = 1520;
				LastUpgradeCheck = 1520;
				TargetAttributes = {
					8A75B7FA2BBFFE79002564D7 = {
						CreatedOnToolsVersion = 15.2;
						LastSwiftMigration = 1520;
						TestTargetID = 8A86B9A22BBEB7B400B3435B;
					};
					8A86B9A22BBEB7B400B3435B = {
						CreatedOnToolsVersion = 15.2;
					};
					8AE3A4252BC462D5005AC60E = {
						CreatedOnToolsVersion = 15.2;
						LastSwiftMigration = 1520;
						TestTargetID = 8A86B9A22BBEB7B400B3435B;
					};
				};
			};
			buildConfigurationList = 8A86B99E2BBEB7B400B3435B /* Build configuration list for PBXProject "SeniorStudyApp" */;
			compatibilityVersion = "Xcode 14.0";
			developmentRegion = en;
			hasScannedForEncodings = 0;
			knownRegions = (
				en,
				Base,
			);
			mainGroup = 8A86B99A2BBEB7B400B3435B;
			productRefGroup = 8A86B9A42BBEB7B400B3435B /* Products */;
			projectDirPath = "";
			projectRoot = "";
			targets = (
				8A86B9A22BBEB7B400B3435B /* SeniorStudyApp */,
				8A75B7FA2BBFFE79002564D7 /* SeniorStudyAppTests */,
				8AE3A4252BC462D5005AC60E /* SeniorStudyAppUITests */,
			);
		};
/* End PBXProject section */

/* Begin PBXResourcesBuildPhase section */
		8A75B7F92BBFFE79002564D7 /* Resources */ = {
			isa = PBXResourcesBuildPhase;
			buildActionMask = 2147483647;
			files = (
			);
			runOnlyForDeploymentPostprocessing = 0;
		};
		8A86B9A12BBEB7B400B3435B /* Resources */ = {
			isa = PBXResourcesBuildPhase;
			buildActionMask = 2147483647;
			files = (
				8A86B9B32BBEB7B800B3435B /* LaunchScreen.storyboard in Resources */,
				8A86B9B02BBEB7B800B3435B /* Assets.xcassets in Resources */,
				8A86B9AE2BBEB7B400B3435B /* Main.storyboard in Resources */,
			);
			runOnlyForDeploymentPostprocessing = 0;
		};
		8AE3A4242BC462D5005AC60E /* Resources */ = {
			isa = PBXResourcesBuildPhase;
			buildActionMask = 2147483647;
			files = (
			);
			runOnlyForDeploymentPostprocessing = 0;
		};
/* End PBXResourcesBuildPhase section */

/* Begin PBXSourcesBuildPhase section */
		8A75B7F72BBFFE79002564D7 /* Sources */ = {
			isa = PBXSourcesBuildPhase;
			buildActionMask = 2147483647;
			files = (
				8A75B8092BC00EF7002564D7 /* FeedImageDataLoaderWithFallbackCompositeTests.swift in Sources */,
				8A75B81C2BC049AE002564D7 /* FeedImageDataLoaderCacheDecoratorTests.swift in Sources */,
				8A75B8162BC03DB9002564D7 /* XCTestCase+FeedLoader.swift in Sources */,
				8A8C69BA2BC478E700D97B97 /* UIImage+TestHelpers.swift in Sources */,
				8A8C69C02BC47D4300D97B97 /* UIRefreshControl+TestHelpers.swift in Sources */,
				8A8C69B62BC478E700D97B97 /* UIControl+TestHelpers.swift in Sources */,
				8A8C69BC2BC478E700D97B97 /* FeedUIIntegrationTests+Localization.swift in Sources */,
				8A8C69BD2BC478E700D97B97 /* FeedUIIntegrationTests+Assertions.swift in Sources */,
				8A8C69C62BC4841500D97B97 /* FeedAcceptanceTests.swift in Sources */,
				8A8C69C42BC47F9100D97B97 /* FeedUIIntegrationTests.swift in Sources */,
				8A8C69BE2BC478E700D97B97 /* FeedImageCell+TestHelpers.swift in Sources */,
				8A75B8202BC04F74002564D7 /* XCTestCase+FeedImageDataLoader.swift in Sources */,
				8A8C69A02BC4765A00D97B97 /* SceneDelegateTests.swift in Sources */,
				8A75B8122BC0305E002564D7 /* FeedLoaderCacheDecoratorTests.swift in Sources */,
				8A75B81E2BC04A71002564D7 /* FeedImageDataLoaderSpy.swift in Sources */,
				8A75B8102BC013B3002564D7 /* SharedTestHelpers.swift.swift in Sources */,
				8A75B8052BC00463002564D7 /* FeedLoaderWithFallbackCompositeTests.swift in Sources */,
				8A8C69B72BC478E700D97B97 /* FeedUIIntegrationTests+LoaderSpy.swift in Sources */,
				8A75B8142BC03C74002564D7 /* FeedLoaderStub.swift in Sources */,
				8A8C69B82BC478E700D97B97 /* FeedUIIntegrationTests.swift in Sources */,
				8A8C69B92BC478E700D97B97 /* FeedViewController+TestHelpers.swift in Sources */,
				8A8C69BB2BC478E700D97B97 /* UIButton+TestHelpers.swift in Sources */,
				8A75B80E2BC0134A002564D7 /* XCTestCase+MemoryLeakTracking.swift in Sources */,
			);
			runOnlyForDeploymentPostprocessing = 0;
		};
		8A86B99F2BBEB7B400B3435B /* Sources */ = {
			isa = PBXSourcesBuildPhase;
			buildActionMask = 2147483647;
			files = (
				8A8C69A92BC4786E00D97B97 /* FeedLoaderPresentationAdapter.swift in Sources */,
				8A86B9AB2BBEB7B400B3435B /* ViewController.swift in Sources */,
				8A86B9A72BBEB7B400B3435B /* AppDelegate.swift in Sources */,
				8A75B8072BC00E8B002564D7 /* FeedLoaderWithFallbackComposite.swift in Sources */,
				8A8C69AA2BC4786E00D97B97 /* MainQueueDispatchDecorator.swift in Sources */,
				8A75B81A2BC048BE002564D7 /* FeedLoaderCacheDecorator.swift in Sources */,
				8A8C69A82BC4786E00D97B97 /* FeedViewAdapter.swift in Sources */,
				8A8C69AB2BC4786E00D97B97 /* FeedUIComposer.swift in Sources */,
				8ABA8FCF2BC46DA7006D1FEA /* DebuggingSceneDelegate.swift in Sources */,
				8A86B9A92BBEB7B400B3435B /* SceneDelegate.swift in Sources */,
				8A8C69A72BC4786E00D97B97 /* FeedImageDataLoaderPresentationAdapter.swift in Sources */,
				8A75B80B2BC0129D002564D7 /* FeedImageDataLoaderWithFallbackComposite.swift in Sources */,
				8A8C69AC2BC4786E00D97B97 /* WeakRefVirtualProxy.swift in Sources */,
				8A75B8242BC051DD002564D7 /* FeedImageDataLoaderCacheDecorator.swift in Sources */,
			);
			runOnlyForDeploymentPostprocessing = 0;
		};
		8AE3A4222BC462D5005AC60E /* Sources */ = {
			isa = PBXSourcesBuildPhase;
			buildActionMask = 2147483647;
			files = (
				8AE3A4322BC4655F005AC60E /* EssentialAppUIAcceptanceTests.swift in Sources */,
			);
			runOnlyForDeploymentPostprocessing = 0;
		};
/* End PBXSourcesBuildPhase section */

/* Begin PBXTargetDependency section */
		8A75B8002BBFFE79002564D7 /* PBXTargetDependency */ = {
			isa = PBXTargetDependency;
			target = 8A86B9A22BBEB7B400B3435B /* SeniorStudyApp */;
			targetProxy = 8A75B7FF2BBFFE79002564D7 /* PBXContainerItemProxy */;
		};
		8AE3A42D2BC462D5005AC60E /* PBXTargetDependency */ = {
			isa = PBXTargetDependency;
			target = 8A86B9A22BBEB7B400B3435B /* SeniorStudyApp */;
			targetProxy = 8AE3A42C2BC462D5005AC60E /* PBXContainerItemProxy */;
		};
/* End PBXTargetDependency section */

/* Begin PBXVariantGroup section */
		8A86B9AC2BBEB7B400B3435B /* Main.storyboard */ = {
			isa = PBXVariantGroup;
			children = (
				8A86B9AD2BBEB7B400B3435B /* Base */,
			);
			name = Main.storyboard;
			sourceTree = "<group>";
		};
		8A86B9B12BBEB7B800B3435B /* LaunchScreen.storyboard */ = {
			isa = PBXVariantGroup;
			children = (
				8A86B9B22BBEB7B800B3435B /* Base */,
			);
			name = LaunchScreen.storyboard;
			sourceTree = "<group>";
		};
/* End PBXVariantGroup section */

/* Begin XCBuildConfiguration section */
		8A75B8022BBFFE79002564D7 /* Debug */ = {
			isa = XCBuildConfiguration;
			buildSettings = {
				BUNDLE_LOADER = "$(TEST_HOST)";
				CLANG_ENABLE_MODULES = YES;
				CODE_SIGN_STYLE = Automatic;
				CURRENT_PROJECT_VERSION = 1;
				DEVELOPMENT_TEAM = YK85C8KC5D;
				GENERATE_INFOPLIST_FILE = YES;
				IPHONEOS_DEPLOYMENT_TARGET = 13.0;
				MARKETING_VERSION = 1.0;
				PRODUCT_BUNDLE_IDENTIFIER = sapranavicius.vytautas.com.SeniorStudyAppTests;
				PRODUCT_NAME = "$(TARGET_NAME)";
				SWIFT_EMIT_LOC_STRINGS = NO;
				SWIFT_OPTIMIZATION_LEVEL = "-Onone";
				SWIFT_VERSION = 5.0;
				TARGETED_DEVICE_FAMILY = "1,2";
				TEST_HOST = "$(BUILT_PRODUCTS_DIR)/SeniorStudyApp.app/$(BUNDLE_EXECUTABLE_FOLDER_PATH)/SeniorStudyApp";
			};
			name = Debug;
		};
		8A75B8032BBFFE79002564D7 /* Release */ = {
			isa = XCBuildConfiguration;
			buildSettings = {
				BUNDLE_LOADER = "$(TEST_HOST)";
				CLANG_ENABLE_MODULES = YES;
				CODE_SIGN_STYLE = Automatic;
				CURRENT_PROJECT_VERSION = 1;
				DEVELOPMENT_TEAM = YK85C8KC5D;
				GENERATE_INFOPLIST_FILE = YES;
				IPHONEOS_DEPLOYMENT_TARGET = 13.0;
				MARKETING_VERSION = 1.0;
				PRODUCT_BUNDLE_IDENTIFIER = sapranavicius.vytautas.com.SeniorStudyAppTests;
				PRODUCT_NAME = "$(TARGET_NAME)";
				SWIFT_EMIT_LOC_STRINGS = NO;
				SWIFT_VERSION = 5.0;
				TARGETED_DEVICE_FAMILY = "1,2";
				TEST_HOST = "$(BUILT_PRODUCTS_DIR)/SeniorStudyApp.app/$(BUNDLE_EXECUTABLE_FOLDER_PATH)/SeniorStudyApp";
			};
			name = Release;
		};
		8A86B9B52BBEB7B800B3435B /* Debug */ = {
			isa = XCBuildConfiguration;
			buildSettings = {
				ALWAYS_SEARCH_USER_PATHS = NO;
				ASSETCATALOG_COMPILER_GENERATE_SWIFT_ASSET_SYMBOL_EXTENSIONS = YES;
				CLANG_ANALYZER_NONNULL = YES;
				CLANG_ANALYZER_NUMBER_OBJECT_CONVERSION = YES_AGGRESSIVE;
				CLANG_CXX_LANGUAGE_STANDARD = "gnu++20";
				CLANG_ENABLE_MODULES = YES;
				CLANG_ENABLE_OBJC_ARC = YES;
				CLANG_ENABLE_OBJC_WEAK = YES;
				CLANG_WARN_BLOCK_CAPTURE_AUTORELEASING = YES;
				CLANG_WARN_BOOL_CONVERSION = YES;
				CLANG_WARN_COMMA = YES;
				CLANG_WARN_CONSTANT_CONVERSION = YES;
				CLANG_WARN_DEPRECATED_OBJC_IMPLEMENTATIONS = YES;
				CLANG_WARN_DIRECT_OBJC_ISA_USAGE = YES_ERROR;
				CLANG_WARN_DOCUMENTATION_COMMENTS = YES;
				CLANG_WARN_EMPTY_BODY = YES;
				CLANG_WARN_ENUM_CONVERSION = YES;
				CLANG_WARN_INFINITE_RECURSION = YES;
				CLANG_WARN_INT_CONVERSION = YES;
				CLANG_WARN_NON_LITERAL_NULL_CONVERSION = YES;
				CLANG_WARN_OBJC_IMPLICIT_RETAIN_SELF = YES;
				CLANG_WARN_OBJC_LITERAL_CONVERSION = YES;
				CLANG_WARN_OBJC_ROOT_CLASS = YES_ERROR;
				CLANG_WARN_QUOTED_INCLUDE_IN_FRAMEWORK_HEADER = YES;
				CLANG_WARN_RANGE_LOOP_ANALYSIS = YES;
				CLANG_WARN_STRICT_PROTOTYPES = YES;
				CLANG_WARN_SUSPICIOUS_MOVE = YES;
				CLANG_WARN_UNGUARDED_AVAILABILITY = YES_AGGRESSIVE;
				CLANG_WARN_UNREACHABLE_CODE = YES;
				CLANG_WARN__DUPLICATE_METHOD_MATCH = YES;
				COPY_PHASE_STRIP = NO;
				DEBUG_INFORMATION_FORMAT = dwarf;
				ENABLE_STRICT_OBJC_MSGSEND = YES;
				ENABLE_TESTABILITY = YES;
				ENABLE_USER_SCRIPT_SANDBOXING = YES;
				GCC_C_LANGUAGE_STANDARD = gnu17;
				GCC_DYNAMIC_NO_PIC = NO;
				GCC_NO_COMMON_BLOCKS = YES;
				GCC_OPTIMIZATION_LEVEL = 0;
				GCC_PREPROCESSOR_DEFINITIONS = (
					"DEBUG=1",
					"$(inherited)",
				);
				GCC_WARN_64_TO_32_BIT_CONVERSION = YES;
				GCC_WARN_ABOUT_RETURN_TYPE = YES_ERROR;
				GCC_WARN_UNDECLARED_SELECTOR = YES;
				GCC_WARN_UNINITIALIZED_AUTOS = YES_AGGRESSIVE;
				GCC_WARN_UNUSED_FUNCTION = YES;
				GCC_WARN_UNUSED_VARIABLE = YES;
				IPHONEOS_DEPLOYMENT_TARGET = 13.0;
				LOCALIZATION_PREFERS_STRING_CATALOGS = YES;
				MTL_ENABLE_DEBUG_INFO = INCLUDE_SOURCE;
				MTL_FAST_MATH = YES;
				ONLY_ACTIVE_ARCH = YES;
				SDKROOT = iphoneos;
				SWIFT_ACTIVE_COMPILATION_CONDITIONS = "DEBUG $(inherited)";
				SWIFT_OPTIMIZATION_LEVEL = "-Onone";
			};
			name = Debug;
		};
		8A86B9B62BBEB7B800B3435B /* Release */ = {
			isa = XCBuildConfiguration;
			buildSettings = {
				ALWAYS_SEARCH_USER_PATHS = NO;
				ASSETCATALOG_COMPILER_GENERATE_SWIFT_ASSET_SYMBOL_EXTENSIONS = YES;
				CLANG_ANALYZER_NONNULL = YES;
				CLANG_ANALYZER_NUMBER_OBJECT_CONVERSION = YES_AGGRESSIVE;
				CLANG_CXX_LANGUAGE_STANDARD = "gnu++20";
				CLANG_ENABLE_MODULES = YES;
				CLANG_ENABLE_OBJC_ARC = YES;
				CLANG_ENABLE_OBJC_WEAK = YES;
				CLANG_WARN_BLOCK_CAPTURE_AUTORELEASING = YES;
				CLANG_WARN_BOOL_CONVERSION = YES;
				CLANG_WARN_COMMA = YES;
				CLANG_WARN_CONSTANT_CONVERSION = YES;
				CLANG_WARN_DEPRECATED_OBJC_IMPLEMENTATIONS = YES;
				CLANG_WARN_DIRECT_OBJC_ISA_USAGE = YES_ERROR;
				CLANG_WARN_DOCUMENTATION_COMMENTS = YES;
				CLANG_WARN_EMPTY_BODY = YES;
				CLANG_WARN_ENUM_CONVERSION = YES;
				CLANG_WARN_INFINITE_RECURSION = YES;
				CLANG_WARN_INT_CONVERSION = YES;
				CLANG_WARN_NON_LITERAL_NULL_CONVERSION = YES;
				CLANG_WARN_OBJC_IMPLICIT_RETAIN_SELF = YES;
				CLANG_WARN_OBJC_LITERAL_CONVERSION = YES;
				CLANG_WARN_OBJC_ROOT_CLASS = YES_ERROR;
				CLANG_WARN_QUOTED_INCLUDE_IN_FRAMEWORK_HEADER = YES;
				CLANG_WARN_RANGE_LOOP_ANALYSIS = YES;
				CLANG_WARN_STRICT_PROTOTYPES = YES;
				CLANG_WARN_SUSPICIOUS_MOVE = YES;
				CLANG_WARN_UNGUARDED_AVAILABILITY = YES_AGGRESSIVE;
				CLANG_WARN_UNREACHABLE_CODE = YES;
				CLANG_WARN__DUPLICATE_METHOD_MATCH = YES;
				COPY_PHASE_STRIP = NO;
				DEBUG_INFORMATION_FORMAT = "dwarf-with-dsym";
				ENABLE_NS_ASSERTIONS = NO;
				ENABLE_STRICT_OBJC_MSGSEND = YES;
				ENABLE_USER_SCRIPT_SANDBOXING = YES;
				GCC_C_LANGUAGE_STANDARD = gnu17;
				GCC_NO_COMMON_BLOCKS = YES;
				GCC_WARN_64_TO_32_BIT_CONVERSION = YES;
				GCC_WARN_ABOUT_RETURN_TYPE = YES_ERROR;
				GCC_WARN_UNDECLARED_SELECTOR = YES;
				GCC_WARN_UNINITIALIZED_AUTOS = YES_AGGRESSIVE;
				GCC_WARN_UNUSED_FUNCTION = YES;
				GCC_WARN_UNUSED_VARIABLE = YES;
				IPHONEOS_DEPLOYMENT_TARGET = 13.0;
				LOCALIZATION_PREFERS_STRING_CATALOGS = YES;
				MTL_ENABLE_DEBUG_INFO = NO;
				MTL_FAST_MATH = YES;
				SDKROOT = iphoneos;
				SWIFT_COMPILATION_MODE = wholemodule;
				VALIDATE_PRODUCT = YES;
			};
			name = Release;
		};
		8A86B9B82BBEB7B800B3435B /* Debug */ = {
			isa = XCBuildConfiguration;
			buildSettings = {
				ASSETCATALOG_COMPILER_APPICON_NAME = AppIcon;
				ASSETCATALOG_COMPILER_GLOBAL_ACCENT_COLOR_NAME = AccentColor;
				CODE_SIGN_IDENTITY = "Apple Development";
				CODE_SIGN_STYLE = Automatic;
				CURRENT_PROJECT_VERSION = 1;
				DEVELOPMENT_TEAM = YK85C8KC5D;
				GENERATE_INFOPLIST_FILE = YES;
				INFOPLIST_FILE = SeniorStudyApp/Info.plist;
				INFOPLIST_KEY_UIApplicationSupportsIndirectInputEvents = YES;
				INFOPLIST_KEY_UILaunchStoryboardName = LaunchScreen;
				INFOPLIST_KEY_UIMainStoryboardFile = Main;
				INFOPLIST_KEY_UISupportedInterfaceOrientations = UIInterfaceOrientationPortrait;
				IPHONEOS_DEPLOYMENT_TARGET = 13.0;
				LD_RUNPATH_SEARCH_PATHS = (
					"$(inherited)",
					"@executable_path/Frameworks",
				);
				MARKETING_VERSION = 1.0;
				PRODUCT_BUNDLE_IDENTIFIER = sapranavicius.vytautas.com.SeniorStudyApp;
				PRODUCT_NAME = "$(TARGET_NAME)";
				PROVISIONING_PROFILE_SPECIFIER = "";
				SWIFT_EMIT_LOC_STRINGS = YES;
				SWIFT_VERSION = 5.0;
				TARGETED_DEVICE_FAMILY = "1,2";
			};
			name = Debug;
		};
		8A86B9B92BBEB7B800B3435B /* Release */ = {
			isa = XCBuildConfiguration;
			buildSettings = {
				ASSETCATALOG_COMPILER_APPICON_NAME = AppIcon;
				ASSETCATALOG_COMPILER_GLOBAL_ACCENT_COLOR_NAME = AccentColor;
				CODE_SIGN_IDENTITY = "Apple Development";
				CODE_SIGN_STYLE = Automatic;
				CURRENT_PROJECT_VERSION = 1;
				DEVELOPMENT_TEAM = YK85C8KC5D;
				GENERATE_INFOPLIST_FILE = YES;
				INFOPLIST_FILE = SeniorStudyApp/Info.plist;
				INFOPLIST_KEY_UIApplicationSupportsIndirectInputEvents = YES;
				INFOPLIST_KEY_UILaunchStoryboardName = LaunchScreen;
				INFOPLIST_KEY_UIMainStoryboardFile = Main;
				INFOPLIST_KEY_UISupportedInterfaceOrientations = UIInterfaceOrientationPortrait;
				IPHONEOS_DEPLOYMENT_TARGET = 13.0;
				LD_RUNPATH_SEARCH_PATHS = (
					"$(inherited)",
					"@executable_path/Frameworks",
				);
				MARKETING_VERSION = 1.0;
				PRODUCT_BUNDLE_IDENTIFIER = sapranavicius.vytautas.com.SeniorStudyApp;
				PRODUCT_NAME = "$(TARGET_NAME)";
				PROVISIONING_PROFILE_SPECIFIER = "";
				SWIFT_EMIT_LOC_STRINGS = YES;
				SWIFT_VERSION = 5.0;
				TARGETED_DEVICE_FAMILY = "1,2";
			};
			name = Release;
		};
		8AE3A42E2BC462D5005AC60E /* Debug */ = {
			isa = XCBuildConfiguration;
			buildSettings = {
				CLANG_ENABLE_MODULES = YES;
				CODE_SIGN_STYLE = Automatic;
				CURRENT_PROJECT_VERSION = 1;
				DEVELOPMENT_TEAM = YK85C8KC5D;
				GENERATE_INFOPLIST_FILE = YES;
				IPHONEOS_DEPLOYMENT_TARGET = 13.0;
				MARKETING_VERSION = 1.0;
				PRODUCT_BUNDLE_IDENTIFIER = sapranavicius.vytautas.com.SeniorStudyAppUITests;
				PRODUCT_NAME = "$(TARGET_NAME)";
				SWIFT_EMIT_LOC_STRINGS = NO;
				SWIFT_OPTIMIZATION_LEVEL = "-Onone";
				SWIFT_VERSION = 5.0;
				TARGETED_DEVICE_FAMILY = "1,2";
				TEST_TARGET_NAME = SeniorStudyApp;
			};
			name = Debug;
		};
		8AE3A42F2BC462D5005AC60E /* Release */ = {
			isa = XCBuildConfiguration;
			buildSettings = {
				CLANG_ENABLE_MODULES = YES;
				CODE_SIGN_STYLE = Automatic;
				CURRENT_PROJECT_VERSION = 1;
				DEVELOPMENT_TEAM = YK85C8KC5D;
				GENERATE_INFOPLIST_FILE = YES;
				IPHONEOS_DEPLOYMENT_TARGET = 13.0;
				MARKETING_VERSION = 1.0;
				PRODUCT_BUNDLE_IDENTIFIER = sapranavicius.vytautas.com.SeniorStudyAppUITests;
				PRODUCT_NAME = "$(TARGET_NAME)";
				SWIFT_EMIT_LOC_STRINGS = NO;
				SWIFT_VERSION = 5.0;
				TARGETED_DEVICE_FAMILY = "1,2";
				TEST_TARGET_NAME = SeniorStudyApp;
			};
			name = Release;
		};
/* End XCBuildConfiguration section */

/* Begin XCConfigurationList section */
		8A75B8012BBFFE79002564D7 /* Build configuration list for PBXNativeTarget "SeniorStudyAppTests" */ = {
			isa = XCConfigurationList;
			buildConfigurations = (
				8A75B8022BBFFE79002564D7 /* Debug */,
				8A75B8032BBFFE79002564D7 /* Release */,
			);
			defaultConfigurationIsVisible = 0;
			defaultConfigurationName = Release;
		};
		8A86B99E2BBEB7B400B3435B /* Build configuration list for PBXProject "SeniorStudyApp" */ = {
			isa = XCConfigurationList;
			buildConfigurations = (
				8A86B9B52BBEB7B800B3435B /* Debug */,
				8A86B9B62BBEB7B800B3435B /* Release */,
			);
			defaultConfigurationIsVisible = 0;
			defaultConfigurationName = Release;
		};
		8A86B9B72BBEB7B800B3435B /* Build configuration list for PBXNativeTarget "SeniorStudyApp" */ = {
			isa = XCConfigurationList;
			buildConfigurations = (
				8A86B9B82BBEB7B800B3435B /* Debug */,
				8A86B9B92BBEB7B800B3435B /* Release */,
			);
			defaultConfigurationIsVisible = 0;
			defaultConfigurationName = Release;
		};
		8AE3A4302BC462D5005AC60E /* Build configuration list for PBXNativeTarget "SeniorStudyAppUITests" */ = {
			isa = XCConfigurationList;
			buildConfigurations = (
				8AE3A42E2BC462D5005AC60E /* Debug */,
				8AE3A42F2BC462D5005AC60E /* Release */,
			);
			defaultConfigurationIsVisible = 0;
			defaultConfigurationName = Release;
		};
/* End XCConfigurationList section */
	};
	rootObject = 8A86B99B2BBEB7B400B3435B /* Project object */;
}
